// !$*UTF8*$!
{
	archiveVersion = 1;
	classes = {
	};
	objectVersion = 55;
	objects = {

/* Begin PBXBuildFile section */
		E8562500D779A4C9A4171CBC /* Pods_artppl.framework in Frameworks */ = {isa = PBXBuildFile; fileRef = 96F1CF4AB099FB21E5A2515A /* Pods_artppl.framework */; };
		FC02361528D37CBD00D75E27 /* CustomButtonGradient.swift in Sources */ = {isa = PBXBuildFile; fileRef = FC02361428D37CBD00D75E27 /* CustomButtonGradient.swift */; };
		FC11884828CA7FDC00D9972A /* PersonalTastesViewController.swift in Sources */ = {isa = PBXBuildFile; fileRef = FC11884628CA7FDC00D9972A /* PersonalTastesViewController.swift */; };
		FC11884B28CA81C600D9972A /* Montserrat-Black.ttf in Resources */ = {isa = PBXBuildFile; fileRef = FC11884A28CA81C500D9972A /* Montserrat-Black.ttf */; };
		FC12B84128E6183200BF91D1 /* ArtisticWorkViewController.swift in Sources */ = {isa = PBXBuildFile; fileRef = FC12B83F28E6183200BF91D1 /* ArtisticWorkViewController.swift */; };
		FC12B84228E6183200BF91D1 /* ArtisticWorkViewController.xib in Resources */ = {isa = PBXBuildFile; fileRef = FC12B84028E6183200BF91D1 /* ArtisticWorkViewController.xib */; };
		FC133E5128DA06D300216014 /* Montserrat-Bold.ttf in Resources */ = {isa = PBXBuildFile; fileRef = FC58B07328C9037000A66B78 /* Montserrat-Bold.ttf */; };
		FC133E5528DA2B5000216014 /* MarketCollectionViewCell.swift in Sources */ = {isa = PBXBuildFile; fileRef = FC133E5328DA2B5000216014 /* MarketCollectionViewCell.swift */; };
		FC133E5628DA2B5000216014 /* MarketCollectionViewCell.xib in Resources */ = {isa = PBXBuildFile; fileRef = FC133E5428DA2B5000216014 /* MarketCollectionViewCell.xib */; };
		FC226ADC28DE139800621699 /* AddNewViewController.swift in Sources */ = {isa = PBXBuildFile; fileRef = FC226ADA28DE139800621699 /* AddNewViewController.swift */; };
		FC226ADD28DE139800621699 /* AddNewViewController.xib in Resources */ = {isa = PBXBuildFile; fileRef = FC226ADB28DE139800621699 /* AddNewViewController.xib */; };
		FC3A1C3228E4C34D00FA3056 /* SupportViewController.swift in Sources */ = {isa = PBXBuildFile; fileRef = FC3A1C3028E4C34D00FA3056 /* SupportViewController.swift */; };
		FC3A1C3328E4C34D00FA3056 /* SupportViewController.xib in Resources */ = {isa = PBXBuildFile; fileRef = FC3A1C3128E4C34D00FA3056 /* SupportViewController.xib */; };
		FC44002728D4CA7600818FE8 /* GradientAnimationButton.swift in Sources */ = {isa = PBXBuildFile; fileRef = FC44002628D4CA7600818FE8 /* GradientAnimationButton.swift */; };
		FC44002A28D4E44C00818FE8 /* NewCategorieViewController.swift in Sources */ = {isa = PBXBuildFile; fileRef = FC44002828D4E44C00818FE8 /* NewCategorieViewController.swift */; };
		FC44002B28D4E44C00818FE8 /* NewCategorieViewController.xib in Resources */ = {isa = PBXBuildFile; fileRef = FC44002928D4E44C00818FE8 /* NewCategorieViewController.xib */; };
		FC44239D28D89FC900803C9A /* PersonalTastesViewController.xib in Resources */ = {isa = PBXBuildFile; fileRef = FC44239C28D89FC900803C9A /* PersonalTastesViewController.xib */; };
		FC44239F28D89FF200803C9A /* ProfileSelectorViewController.xib in Resources */ = {isa = PBXBuildFile; fileRef = FC44239E28D89FF200803C9A /* ProfileSelectorViewController.xib */; };
		FC4423A528D8BCAD00803C9A /* HomeViewController.swift in Sources */ = {isa = PBXBuildFile; fileRef = FC4423A328D8BCAD00803C9A /* HomeViewController.swift */; };
		FC4423A628D8BCAD00803C9A /* HomeViewController.xib in Resources */ = {isa = PBXBuildFile; fileRef = FC4423A428D8BCAD00803C9A /* HomeViewController.xib */; };
		FC4423A828D8C36000803C9A /* Assets.xcassets in Resources */ = {isa = PBXBuildFile; fileRef = FC4423A728D8C36000803C9A /* Assets.xcassets */; };
		FC4423AC28D8E67500803C9A /* MarketViewController.swift in Sources */ = {isa = PBXBuildFile; fileRef = FC4423AA28D8E67500803C9A /* MarketViewController.swift */; };
		FC4423AD28D8E67500803C9A /* MarketViewController.xib in Resources */ = {isa = PBXBuildFile; fileRef = FC4423AB28D8E67500803C9A /* MarketViewController.xib */; };
		FC4423B128D8E69C00803C9A /* MessaggesViewController.swift in Sources */ = {isa = PBXBuildFile; fileRef = FC4423AF28D8E69C00803C9A /* MessaggesViewController.swift */; };
		FC4423B228D8E69C00803C9A /* MessaggesViewController.xib in Resources */ = {isa = PBXBuildFile; fileRef = FC4423B028D8E69C00803C9A /* MessaggesViewController.xib */; };
		FC4423B628D8E6D700803C9A /* ProfileViewController.swift in Sources */ = {isa = PBXBuildFile; fileRef = FC4423B428D8E6D700803C9A /* ProfileViewController.swift */; };
		FC4423B728D8E6D700803C9A /* ProfileViewController.xib in Resources */ = {isa = PBXBuildFile; fileRef = FC4423B528D8E6D700803C9A /* ProfileViewController.xib */; };
		FC5313F828CBDC5700C7ACA6 /* animationButton.json in Resources */ = {isa = PBXBuildFile; fileRef = FC5313F728CBDC5700C7ACA6 /* animationButton.json */; };
		FC58B06D28C8F5E100A66B78 /* LoginViewController.swift in Sources */ = {isa = PBXBuildFile; fileRef = FC58B06B28C8F5E100A66B78 /* LoginViewController.swift */; };
		FC58B06E28C8F5E100A66B78 /* LoginViewController.xib in Resources */ = {isa = PBXBuildFile; fileRef = FC58B06C28C8F5E100A66B78 /* LoginViewController.xib */; };
		FC58B07028C8F96400A66B78 /* Montserrat-Medium.ttf in Resources */ = {isa = PBXBuildFile; fileRef = FC58B06F28C8F96400A66B78 /* Montserrat-Medium.ttf */; };
		FC58B07228C8FC4E00A66B78 /* Montserrat-Regular.ttf in Resources */ = {isa = PBXBuildFile; fileRef = FC58B07128C8FC4E00A66B78 /* Montserrat-Regular.ttf */; };
		FC58B07728C91C1E00A66B78 /* StyleFunctions.swift in Sources */ = {isa = PBXBuildFile; fileRef = FC58B07628C91C1E00A66B78 /* StyleFunctions.swift */; };
		FC58B07A28C91FF800A66B78 /* RegisterViewController.swift in Sources */ = {isa = PBXBuildFile; fileRef = FC58B07828C91FF800A66B78 /* RegisterViewController.swift */; };
		FC58B07B28C91FF800A66B78 /* RegisterViewController.xib in Resources */ = {isa = PBXBuildFile; fileRef = FC58B07928C91FF800A66B78 /* RegisterViewController.xib */; };
		FC58B07E28C92F8C00A66B78 /* ProfileSelectorViewController.swift in Sources */ = {isa = PBXBuildFile; fileRef = FC58B07C28C92F8C00A66B78 /* ProfileSelectorViewController.swift */; };
		FC60702D28C7D3F000424A33 /* AppDelegate.swift in Sources */ = {isa = PBXBuildFile; fileRef = FC60702C28C7D3F000424A33 /* AppDelegate.swift */; };
		FC60702F28C7D3F000424A33 /* SceneDelegate.swift in Sources */ = {isa = PBXBuildFile; fileRef = FC60702E28C7D3F000424A33 /* SceneDelegate.swift */; };
		FC60703128C7D3F000424A33 /* ViewController.swift in Sources */ = {isa = PBXBuildFile; fileRef = FC60703028C7D3F000424A33 /* ViewController.swift */; };
		FC60703428C7D3F000424A33 /* Main.storyboard in Resources */ = {isa = PBXBuildFile; fileRef = FC60703228C7D3F000424A33 /* Main.storyboard */; };
		FC60703928C7D3F400424A33 /* LaunchScreen.storyboard in Resources */ = {isa = PBXBuildFile; fileRef = FC60703728C7D3F400424A33 /* LaunchScreen.storyboard */; };
		FC60704328C7E09200424A33 /* WelcomeSliderViewController.swift in Sources */ = {isa = PBXBuildFile; fileRef = FC60704128C7E09200424A33 /* WelcomeSliderViewController.swift */; };
		FC60704428C7E09200424A33 /* WelcomeSliderViewController.xib in Resources */ = {isa = PBXBuildFile; fileRef = FC60704228C7E09200424A33 /* WelcomeSliderViewController.xib */; };
		FC60704728C7E8BB00424A33 /* Roboto-Black.ttf in Resources */ = {isa = PBXBuildFile; fileRef = FC60704628C7E8BB00424A33 /* Roboto-Black.ttf */; };
		FC70D07E28DCBF0C00B9B65A /* ArtistNearCollectionViewCell.swift in Sources */ = {isa = PBXBuildFile; fileRef = FC70D07C28DCBF0C00B9B65A /* ArtistNearCollectionViewCell.swift */; };
		FC70D07F28DCBF0C00B9B65A /* ArtistNearCollectionViewCell.xib in Resources */ = {isa = PBXBuildFile; fileRef = FC70D07D28DCBF0C00B9B65A /* ArtistNearCollectionViewCell.xib */; };
		FC70D08328DCE0B800B9B65A /* CoCreationCollectionViewCell.swift in Sources */ = {isa = PBXBuildFile; fileRef = FC70D08128DCE0B800B9B65A /* CoCreationCollectionViewCell.swift */; };
		FC70D08428DCE0B800B9B65A /* CoCreationCollectionViewCell.xib in Resources */ = {isa = PBXBuildFile; fileRef = FC70D08228DCE0B800B9B65A /* CoCreationCollectionViewCell.xib */; };
		FC70D08828DCECB400B9B65A /* ArtNearCollectionViewCell.swift in Sources */ = {isa = PBXBuildFile; fileRef = FC70D08628DCECB400B9B65A /* ArtNearCollectionViewCell.swift */; };
		FC70D08928DCECB400B9B65A /* ArtNearCollectionViewCell.xib in Resources */ = {isa = PBXBuildFile; fileRef = FC70D08728DCECB400B9B65A /* ArtNearCollectionViewCell.xib */; };
		FC72909E28EDE54700F47E08 /* MessageTableViewCell.swift in Sources */ = {isa = PBXBuildFile; fileRef = FC72909C28EDE54700F47E08 /* MessageTableViewCell.swift */; };
		FC72909F28EDE54700F47E08 /* MessageTableViewCell.xib in Resources */ = {isa = PBXBuildFile; fileRef = FC72909D28EDE54700F47E08 /* MessageTableViewCell.xib */; };
		FC7290A328EE130D00F47E08 /* PortfolioCollectionViewCell.swift in Sources */ = {isa = PBXBuildFile; fileRef = FC7290A128EE130D00F47E08 /* PortfolioCollectionViewCell.swift */; };
		FC7290A428EE130D00F47E08 /* PortfolioCollectionViewCell.xib in Resources */ = {isa = PBXBuildFile; fileRef = FC7290A228EE130D00F47E08 /* PortfolioCollectionViewCell.xib */; };
		FC7290AC28EE181E00F47E08 /* MarketProfileCollectionViewCell.swift in Sources */ = {isa = PBXBuildFile; fileRef = FC7290AA28EE181E00F47E08 /* MarketProfileCollectionViewCell.swift */; };
		FC7290AD28EE181E00F47E08 /* MarketProfileCollectionViewCell.xib in Resources */ = {isa = PBXBuildFile; fileRef = FC7290AB28EE181E00F47E08 /* MarketProfileCollectionViewCell.xib */; };
		FC74B60828E7497A00FC073F /* MyShoppingViewController.swift in Sources */ = {isa = PBXBuildFile; fileRef = FC74B60628E7497A00FC073F /* MyShoppingViewController.swift */; };
		FC74B60928E7497A00FC073F /* MyShoppingViewController.xib in Resources */ = {isa = PBXBuildFile; fileRef = FC74B60728E7497A00FC073F /* MyShoppingViewController.xib */; };
		FC74B60D28E74CCE00FC073F /* ShoppingTableViewCell.swift in Sources */ = {isa = PBXBuildFile; fileRef = FC74B60B28E74CCE00FC073F /* ShoppingTableViewCell.swift */; };
		FC74B60E28E74CCE00FC073F /* ShoppingTableViewCell.xib in Resources */ = {isa = PBXBuildFile; fileRef = FC74B60C28E74CCE00FC073F /* ShoppingTableViewCell.xib */; };
		FC75B37528ECAF5500E5AE74 /* DequeuableRegistrable.swift in Sources */ = {isa = PBXBuildFile; fileRef = FC75B37428ECAF5500E5AE74 /* DequeuableRegistrable.swift */; };
		FC8B39CC28CF98CD00A4750F /* animationButtonOff.json in Resources */ = {isa = PBXBuildFile; fileRef = FC8B39CB28CF98CD00A4750F /* animationButtonOff.json */; };
		FC9E719028EF54F7008165DC /* ArteCollectionViewCell.swift in Sources */ = {isa = PBXBuildFile; fileRef = FC9E718E28EF54F7008165DC /* ArteCollectionViewCell.swift */; };
		FC9E719128EF54F7008165DC /* ArteCollectionViewCell.xib in Resources */ = {isa = PBXBuildFile; fileRef = FC9E718F28EF54F7008165DC /* ArteCollectionViewCell.xib */; };
		FC9E719528EF5589008165DC /* SubastaCollectionViewCell.swift in Sources */ = {isa = PBXBuildFile; fileRef = FC9E719328EF5589008165DC /* SubastaCollectionViewCell.swift */; };
		FC9E719628EF5589008165DC /* SubastaCollectionViewCell.xib in Resources */ = {isa = PBXBuildFile; fileRef = FC9E719428EF5589008165DC /* SubastaCollectionViewCell.xib */; };
		FC9E719A28EF55B4008165DC /* RecycleCollectionViewCell.swift in Sources */ = {isa = PBXBuildFile; fileRef = FC9E719828EF55B4008165DC /* RecycleCollectionViewCell.swift */; };
		FC9E719B28EF55B4008165DC /* RecycleCollectionViewCell.xib in Resources */ = {isa = PBXBuildFile; fileRef = FC9E719928EF55B4008165DC /* RecycleCollectionViewCell.xib */; };
		FCA2D1D428E21C9500960950 /* CustomPopUpButton.swift in Sources */ = {isa = PBXBuildFile; fileRef = FCA2D1D328E21C9500960950 /* CustomPopUpButton.swift */; };
		FCA2D1DB28E22C4A00960950 /* MyTabViewController.swift in Sources */ = {isa = PBXBuildFile; fileRef = FCA2D1D928E22C4A00960950 /* MyTabViewController.swift */; };
		FCA2D1DC28E22C4A00960950 /* MyTabViewController.xib in Resources */ = {isa = PBXBuildFile; fileRef = FCA2D1DA28E22C4A00960950 /* MyTabViewController.xib */; };
		FCC03FC528E37BB60016CF57 /* SideMenuViewController.swift in Sources */ = {isa = PBXBuildFile; fileRef = FCC03FC328E37BB60016CF57 /* SideMenuViewController.swift */; };
		FCC03FC628E37BB60016CF57 /* SideMenuViewController.xib in Resources */ = {isa = PBXBuildFile; fileRef = FCC03FC428E37BB60016CF57 /* SideMenuViewController.xib */; };
		FCDC7EF728E20CB000F461DD /* CustomGradientWhiteTransp.swift in Sources */ = {isa = PBXBuildFile; fileRef = FCDC7EF628E20CB000F461DD /* CustomGradientWhiteTransp.swift */; };
		FCEE50CB28D2434300CF9B68 /* CustomViewAnimation.swift in Sources */ = {isa = PBXBuildFile; fileRef = FCEE50CA28D2434300CF9B68 /* CustomViewAnimation.swift */; };
		FCEE50CD28D25CA400CF9B68 /* CustomButtonBorder.swift in Sources */ = {isa = PBXBuildFile; fileRef = FCEE50CC28D25CA400CF9B68 /* CustomButtonBorder.swift */; };
		FCEE50CF28D25F0800CF9B68 /* CustomViewGradient.swift in Sources */ = {isa = PBXBuildFile; fileRef = FCEE50CE28D25F0700CF9B68 /* CustomViewGradient.swift */; };
/* End PBXBuildFile section */

/* Begin PBXFileReference section */
		3E1457A6C6709C3277742006 /* Pods-artppl.debug.xcconfig */ = {isa = PBXFileReference; includeInIndex = 1; lastKnownFileType = text.xcconfig; name = "Pods-artppl.debug.xcconfig"; path = "Target Support Files/Pods-artppl/Pods-artppl.debug.xcconfig"; sourceTree = "<group>"; };
		96F1CF4AB099FB21E5A2515A /* Pods_artppl.framework */ = {isa = PBXFileReference; explicitFileType = wrapper.framework; includeInIndex = 0; path = Pods_artppl.framework; sourceTree = BUILT_PRODUCTS_DIR; };
		A78B62642C57E15A5F63DA57 /* Pods-artppl.release.xcconfig */ = {isa = PBXFileReference; includeInIndex = 1; lastKnownFileType = text.xcconfig; name = "Pods-artppl.release.xcconfig"; path = "Target Support Files/Pods-artppl/Pods-artppl.release.xcconfig"; sourceTree = "<group>"; };
		FC02361428D37CBD00D75E27 /* CustomButtonGradient.swift */ = {isa = PBXFileReference; lastKnownFileType = sourcecode.swift; path = CustomButtonGradient.swift; sourceTree = "<group>"; };
		FC11884628CA7FDC00D9972A /* PersonalTastesViewController.swift */ = {isa = PBXFileReference; lastKnownFileType = sourcecode.swift; path = PersonalTastesViewController.swift; sourceTree = "<group>"; };
		FC11884A28CA81C500D9972A /* Montserrat-Black.ttf */ = {isa = PBXFileReference; lastKnownFileType = file; path = "Montserrat-Black.ttf"; sourceTree = "<group>"; };
		FC12B83F28E6183200BF91D1 /* ArtisticWorkViewController.swift */ = {isa = PBXFileReference; lastKnownFileType = sourcecode.swift; path = ArtisticWorkViewController.swift; sourceTree = "<group>"; };
		FC12B84028E6183200BF91D1 /* ArtisticWorkViewController.xib */ = {isa = PBXFileReference; lastKnownFileType = file.xib; path = ArtisticWorkViewController.xib; sourceTree = "<group>"; };
		FC133E5328DA2B5000216014 /* MarketCollectionViewCell.swift */ = {isa = PBXFileReference; lastKnownFileType = sourcecode.swift; path = MarketCollectionViewCell.swift; sourceTree = "<group>"; };
		FC133E5428DA2B5000216014 /* MarketCollectionViewCell.xib */ = {isa = PBXFileReference; lastKnownFileType = file.xib; path = MarketCollectionViewCell.xib; sourceTree = "<group>"; };
		FC226ADA28DE139800621699 /* AddNewViewController.swift */ = {isa = PBXFileReference; lastKnownFileType = sourcecode.swift; path = AddNewViewController.swift; sourceTree = "<group>"; };
		FC226ADB28DE139800621699 /* AddNewViewController.xib */ = {isa = PBXFileReference; lastKnownFileType = file.xib; path = AddNewViewController.xib; sourceTree = "<group>"; };
		FC3A1C3028E4C34D00FA3056 /* SupportViewController.swift */ = {isa = PBXFileReference; lastKnownFileType = sourcecode.swift; path = SupportViewController.swift; sourceTree = "<group>"; };
		FC3A1C3128E4C34D00FA3056 /* SupportViewController.xib */ = {isa = PBXFileReference; lastKnownFileType = file.xib; path = SupportViewController.xib; sourceTree = "<group>"; };
		FC44002628D4CA7600818FE8 /* GradientAnimationButton.swift */ = {isa = PBXFileReference; lastKnownFileType = sourcecode.swift; path = GradientAnimationButton.swift; sourceTree = "<group>"; };
		FC44002828D4E44C00818FE8 /* NewCategorieViewController.swift */ = {isa = PBXFileReference; lastKnownFileType = sourcecode.swift; path = NewCategorieViewController.swift; sourceTree = "<group>"; };
		FC44002928D4E44C00818FE8 /* NewCategorieViewController.xib */ = {isa = PBXFileReference; lastKnownFileType = file.xib; path = NewCategorieViewController.xib; sourceTree = "<group>"; };
		FC44239C28D89FC900803C9A /* PersonalTastesViewController.xib */ = {isa = PBXFileReference; fileEncoding = 4; lastKnownFileType = file.xib; path = PersonalTastesViewController.xib; sourceTree = "<group>"; };
		FC44239E28D89FF200803C9A /* ProfileSelectorViewController.xib */ = {isa = PBXFileReference; fileEncoding = 4; lastKnownFileType = file.xib; path = ProfileSelectorViewController.xib; sourceTree = "<group>"; };
		FC4423A328D8BCAD00803C9A /* HomeViewController.swift */ = {isa = PBXFileReference; lastKnownFileType = sourcecode.swift; path = HomeViewController.swift; sourceTree = "<group>"; };
		FC4423A428D8BCAD00803C9A /* HomeViewController.xib */ = {isa = PBXFileReference; lastKnownFileType = file.xib; path = HomeViewController.xib; sourceTree = "<group>"; };
		FC4423A728D8C36000803C9A /* Assets.xcassets */ = {isa = PBXFileReference; lastKnownFileType = folder.assetcatalog; path = Assets.xcassets; sourceTree = "<group>"; };
		FC4423AA28D8E67500803C9A /* MarketViewController.swift */ = {isa = PBXFileReference; lastKnownFileType = sourcecode.swift; path = MarketViewController.swift; sourceTree = "<group>"; };
		FC4423AB28D8E67500803C9A /* MarketViewController.xib */ = {isa = PBXFileReference; lastKnownFileType = file.xib; path = MarketViewController.xib; sourceTree = "<group>"; };
		FC4423AF28D8E69C00803C9A /* MessaggesViewController.swift */ = {isa = PBXFileReference; lastKnownFileType = sourcecode.swift; path = MessaggesViewController.swift; sourceTree = "<group>"; };
		FC4423B028D8E69C00803C9A /* MessaggesViewController.xib */ = {isa = PBXFileReference; lastKnownFileType = file.xib; path = MessaggesViewController.xib; sourceTree = "<group>"; };
		FC4423B428D8E6D700803C9A /* ProfileViewController.swift */ = {isa = PBXFileReference; lastKnownFileType = sourcecode.swift; path = ProfileViewController.swift; sourceTree = "<group>"; };
		FC4423B528D8E6D700803C9A /* ProfileViewController.xib */ = {isa = PBXFileReference; lastKnownFileType = file.xib; path = ProfileViewController.xib; sourceTree = "<group>"; };
		FC5313F728CBDC5700C7ACA6 /* animationButton.json */ = {isa = PBXFileReference; fileEncoding = 4; lastKnownFileType = text.json; path = animationButton.json; sourceTree = "<group>"; };
		FC58B06B28C8F5E100A66B78 /* LoginViewController.swift */ = {isa = PBXFileReference; lastKnownFileType = sourcecode.swift; path = LoginViewController.swift; sourceTree = "<group>"; };
		FC58B06C28C8F5E100A66B78 /* LoginViewController.xib */ = {isa = PBXFileReference; lastKnownFileType = file.xib; path = LoginViewController.xib; sourceTree = "<group>"; };
		FC58B06F28C8F96400A66B78 /* Montserrat-Medium.ttf */ = {isa = PBXFileReference; lastKnownFileType = file; path = "Montserrat-Medium.ttf"; sourceTree = "<group>"; };
		FC58B07128C8FC4E00A66B78 /* Montserrat-Regular.ttf */ = {isa = PBXFileReference; lastKnownFileType = file; path = "Montserrat-Regular.ttf"; sourceTree = "<group>"; };
		FC58B07328C9037000A66B78 /* Montserrat-Bold.ttf */ = {isa = PBXFileReference; lastKnownFileType = file; path = "Montserrat-Bold.ttf"; sourceTree = "<group>"; };
		FC58B07628C91C1E00A66B78 /* StyleFunctions.swift */ = {isa = PBXFileReference; lastKnownFileType = sourcecode.swift; path = StyleFunctions.swift; sourceTree = "<group>"; };
		FC58B07828C91FF800A66B78 /* RegisterViewController.swift */ = {isa = PBXFileReference; lastKnownFileType = sourcecode.swift; path = RegisterViewController.swift; sourceTree = "<group>"; };
		FC58B07928C91FF800A66B78 /* RegisterViewController.xib */ = {isa = PBXFileReference; lastKnownFileType = file.xib; path = RegisterViewController.xib; sourceTree = "<group>"; };
		FC58B07C28C92F8C00A66B78 /* ProfileSelectorViewController.swift */ = {isa = PBXFileReference; lastKnownFileType = sourcecode.swift; path = ProfileSelectorViewController.swift; sourceTree = "<group>"; };
		FC60702928C7D3F000424A33 /* artppl.app */ = {isa = PBXFileReference; explicitFileType = wrapper.application; includeInIndex = 0; path = artppl.app; sourceTree = BUILT_PRODUCTS_DIR; };
		FC60702C28C7D3F000424A33 /* AppDelegate.swift */ = {isa = PBXFileReference; lastKnownFileType = sourcecode.swift; path = AppDelegate.swift; sourceTree = "<group>"; };
		FC60702E28C7D3F000424A33 /* SceneDelegate.swift */ = {isa = PBXFileReference; lastKnownFileType = sourcecode.swift; path = SceneDelegate.swift; sourceTree = "<group>"; };
		FC60703028C7D3F000424A33 /* ViewController.swift */ = {isa = PBXFileReference; lastKnownFileType = sourcecode.swift; path = ViewController.swift; sourceTree = "<group>"; };
		FC60703328C7D3F000424A33 /* Base */ = {isa = PBXFileReference; lastKnownFileType = file.storyboard; name = Base; path = Base.lproj/Main.storyboard; sourceTree = "<group>"; };
		FC60703828C7D3F400424A33 /* Base */ = {isa = PBXFileReference; lastKnownFileType = file.storyboard; name = Base; path = Base.lproj/LaunchScreen.storyboard; sourceTree = "<group>"; };
		FC60703A28C7D3F400424A33 /* Info.plist */ = {isa = PBXFileReference; lastKnownFileType = text.plist.xml; path = Info.plist; sourceTree = "<group>"; };
		FC60704128C7E09200424A33 /* WelcomeSliderViewController.swift */ = {isa = PBXFileReference; lastKnownFileType = sourcecode.swift; path = WelcomeSliderViewController.swift; sourceTree = "<group>"; };
		FC60704228C7E09200424A33 /* WelcomeSliderViewController.xib */ = {isa = PBXFileReference; lastKnownFileType = file.xib; path = WelcomeSliderViewController.xib; sourceTree = "<group>"; };
		FC60704628C7E8BB00424A33 /* Roboto-Black.ttf */ = {isa = PBXFileReference; lastKnownFileType = file; path = "Roboto-Black.ttf"; sourceTree = "<group>"; };
		FC70D07C28DCBF0C00B9B65A /* ArtistNearCollectionViewCell.swift */ = {isa = PBXFileReference; lastKnownFileType = sourcecode.swift; path = ArtistNearCollectionViewCell.swift; sourceTree = "<group>"; };
		FC70D07D28DCBF0C00B9B65A /* ArtistNearCollectionViewCell.xib */ = {isa = PBXFileReference; lastKnownFileType = file.xib; path = ArtistNearCollectionViewCell.xib; sourceTree = "<group>"; };
		FC70D08128DCE0B800B9B65A /* CoCreationCollectionViewCell.swift */ = {isa = PBXFileReference; lastKnownFileType = sourcecode.swift; path = CoCreationCollectionViewCell.swift; sourceTree = "<group>"; };
		FC70D08228DCE0B800B9B65A /* CoCreationCollectionViewCell.xib */ = {isa = PBXFileReference; lastKnownFileType = file.xib; path = CoCreationCollectionViewCell.xib; sourceTree = "<group>"; };
		FC70D08628DCECB400B9B65A /* ArtNearCollectionViewCell.swift */ = {isa = PBXFileReference; lastKnownFileType = sourcecode.swift; path = ArtNearCollectionViewCell.swift; sourceTree = "<group>"; };
		FC70D08728DCECB400B9B65A /* ArtNearCollectionViewCell.xib */ = {isa = PBXFileReference; lastKnownFileType = file.xib; path = ArtNearCollectionViewCell.xib; sourceTree = "<group>"; };
		FC72909C28EDE54700F47E08 /* MessageTableViewCell.swift */ = {isa = PBXFileReference; lastKnownFileType = sourcecode.swift; path = MessageTableViewCell.swift; sourceTree = "<group>"; };
		FC72909D28EDE54700F47E08 /* MessageTableViewCell.xib */ = {isa = PBXFileReference; lastKnownFileType = file.xib; path = MessageTableViewCell.xib; sourceTree = "<group>"; };
		FC7290A128EE130D00F47E08 /* PortfolioCollectionViewCell.swift */ = {isa = PBXFileReference; lastKnownFileType = sourcecode.swift; path = PortfolioCollectionViewCell.swift; sourceTree = "<group>"; };
		FC7290A228EE130D00F47E08 /* PortfolioCollectionViewCell.xib */ = {isa = PBXFileReference; lastKnownFileType = file.xib; path = PortfolioCollectionViewCell.xib; sourceTree = "<group>"; };
		FC7290AA28EE181E00F47E08 /* MarketProfileCollectionViewCell.swift */ = {isa = PBXFileReference; lastKnownFileType = sourcecode.swift; path = MarketProfileCollectionViewCell.swift; sourceTree = "<group>"; };
		FC7290AB28EE181E00F47E08 /* MarketProfileCollectionViewCell.xib */ = {isa = PBXFileReference; lastKnownFileType = file.xib; path = MarketProfileCollectionViewCell.xib; sourceTree = "<group>"; };
		FC74B60628E7497A00FC073F /* MyShoppingViewController.swift */ = {isa = PBXFileReference; lastKnownFileType = sourcecode.swift; path = MyShoppingViewController.swift; sourceTree = "<group>"; };
		FC74B60728E7497A00FC073F /* MyShoppingViewController.xib */ = {isa = PBXFileReference; lastKnownFileType = file.xib; path = MyShoppingViewController.xib; sourceTree = "<group>"; };
		FC74B60B28E74CCE00FC073F /* ShoppingTableViewCell.swift */ = {isa = PBXFileReference; lastKnownFileType = sourcecode.swift; path = ShoppingTableViewCell.swift; sourceTree = "<group>"; };
		FC74B60C28E74CCE00FC073F /* ShoppingTableViewCell.xib */ = {isa = PBXFileReference; lastKnownFileType = file.xib; path = ShoppingTableViewCell.xib; sourceTree = "<group>"; };
		FC75B37428ECAF5500E5AE74 /* DequeuableRegistrable.swift */ = {isa = PBXFileReference; lastKnownFileType = sourcecode.swift; path = DequeuableRegistrable.swift; sourceTree = "<group>"; };
		FC8B39CB28CF98CD00A4750F /* animationButtonOff.json */ = {isa = PBXFileReference; fileEncoding = 4; lastKnownFileType = text.json; path = animationButtonOff.json; sourceTree = "<group>"; };
		FC9E718E28EF54F7008165DC /* ArteCollectionViewCell.swift */ = {isa = PBXFileReference; lastKnownFileType = sourcecode.swift; path = ArteCollectionViewCell.swift; sourceTree = "<group>"; };
		FC9E718F28EF54F7008165DC /* ArteCollectionViewCell.xib */ = {isa = PBXFileReference; lastKnownFileType = file.xib; path = ArteCollectionViewCell.xib; sourceTree = "<group>"; };
		FC9E719328EF5589008165DC /* SubastaCollectionViewCell.swift */ = {isa = PBXFileReference; lastKnownFileType = sourcecode.swift; path = SubastaCollectionViewCell.swift; sourceTree = "<group>"; };
		FC9E719428EF5589008165DC /* SubastaCollectionViewCell.xib */ = {isa = PBXFileReference; lastKnownFileType = file.xib; path = SubastaCollectionViewCell.xib; sourceTree = "<group>"; };
		FC9E719828EF55B4008165DC /* RecycleCollectionViewCell.swift */ = {isa = PBXFileReference; lastKnownFileType = sourcecode.swift; path = RecycleCollectionViewCell.swift; sourceTree = "<group>"; };
		FC9E719928EF55B4008165DC /* RecycleCollectionViewCell.xib */ = {isa = PBXFileReference; lastKnownFileType = file.xib; path = RecycleCollectionViewCell.xib; sourceTree = "<group>"; };
		FCA2D1D328E21C9500960950 /* CustomPopUpButton.swift */ = {isa = PBXFileReference; lastKnownFileType = sourcecode.swift; path = CustomPopUpButton.swift; sourceTree = "<group>"; };
		FCA2D1D928E22C4A00960950 /* MyTabViewController.swift */ = {isa = PBXFileReference; fileEncoding = 4; lastKnownFileType = sourcecode.swift; path = MyTabViewController.swift; sourceTree = "<group>"; };
		FCA2D1DA28E22C4A00960950 /* MyTabViewController.xib */ = {isa = PBXFileReference; fileEncoding = 4; lastKnownFileType = file.xib; path = MyTabViewController.xib; sourceTree = "<group>"; };
		FCC03FC328E37BB60016CF57 /* SideMenuViewController.swift */ = {isa = PBXFileReference; lastKnownFileType = sourcecode.swift; path = SideMenuViewController.swift; sourceTree = "<group>"; };
		FCC03FC428E37BB60016CF57 /* SideMenuViewController.xib */ = {isa = PBXFileReference; lastKnownFileType = file.xib; path = SideMenuViewController.xib; sourceTree = "<group>"; };
		FCDC7EF628E20CB000F461DD /* CustomGradientWhiteTransp.swift */ = {isa = PBXFileReference; lastKnownFileType = sourcecode.swift; path = CustomGradientWhiteTransp.swift; sourceTree = "<group>"; };
		FCEE50CA28D2434300CF9B68 /* CustomViewAnimation.swift */ = {isa = PBXFileReference; lastKnownFileType = sourcecode.swift; path = CustomViewAnimation.swift; sourceTree = "<group>"; };
		FCEE50CC28D25CA400CF9B68 /* CustomButtonBorder.swift */ = {isa = PBXFileReference; lastKnownFileType = sourcecode.swift; path = CustomButtonBorder.swift; sourceTree = "<group>"; };
		FCEE50CE28D25F0700CF9B68 /* CustomViewGradient.swift */ = {isa = PBXFileReference; lastKnownFileType = sourcecode.swift; path = CustomViewGradient.swift; sourceTree = "<group>"; };
/* End PBXFileReference section */

/* Begin PBXFrameworksBuildPhase section */
		FC60702628C7D3F000424A33 /* Frameworks */ = {
			isa = PBXFrameworksBuildPhase;
			buildActionMask = 2147483647;
			files = (
				E8562500D779A4C9A4171CBC /* Pods_artppl.framework in Frameworks */,
			);
			runOnlyForDeploymentPostprocessing = 0;
		};
/* End PBXFrameworksBuildPhase section */

/* Begin PBXGroup section */
		2800E060E384F11ADC8F49C8 /* Pods */ = {
			isa = PBXGroup;
			children = (
				3E1457A6C6709C3277742006 /* Pods-artppl.debug.xcconfig */,
				A78B62642C57E15A5F63DA57 /* Pods-artppl.release.xcconfig */,
			);
			path = Pods;
			sourceTree = "<group>";
		};
		FA56FC99DDFE97AE952A2167 /* Frameworks */ = {
			isa = PBXGroup;
			children = (
				96F1CF4AB099FB21E5A2515A /* Pods_artppl.framework */,
			);
			name = Frameworks;
			sourceTree = "<group>";
		};
		FC12B83E28E6181400BF91D1 /* artisticWork */ = {
			isa = PBXGroup;
			children = (
				FC12B83F28E6183200BF91D1 /* ArtisticWorkViewController.swift */,
				FC12B84028E6183200BF91D1 /* ArtisticWorkViewController.xib */,
			);
			path = artisticWork;
			sourceTree = "<group>";
		};
		FC133E5228DA2A5A00216014 /* MarketCollectionCell */ = {
			isa = PBXGroup;
			children = (
				FC133E5328DA2B5000216014 /* MarketCollectionViewCell.swift */,
				FC133E5428DA2B5000216014 /* MarketCollectionViewCell.xib */,
			);
			path = MarketCollectionCell;
			sourceTree = "<group>";
		};
		FC226AD928DE137A00621699 /* AddNew */ = {
			isa = PBXGroup;
			children = (
				FC226ADA28DE139800621699 /* AddNewViewController.swift */,
				FC226ADB28DE139800621699 /* AddNewViewController.xib */,
			);
			path = AddNew;
			sourceTree = "<group>";
		};
		FC3A1C2F28E4C33100FA3056 /* Support */ = {
			isa = PBXGroup;
			children = (
				FC3A1C3028E4C34D00FA3056 /* SupportViewController.swift */,
				FC3A1C3128E4C34D00FA3056 /* SupportViewController.xib */,
			);
			path = Support;
			sourceTree = "<group>";
		};
		FC4423A028D8A00500803C9A /* PersonalTastes */ = {
			isa = PBXGroup;
			children = (
				FC11884628CA7FDC00D9972A /* PersonalTastesViewController.swift */,
				FC44239C28D89FC900803C9A /* PersonalTastesViewController.xib */,
			);
			path = PersonalTastes;
			sourceTree = "<group>";
		};
		FC4423A128D8A01E00803C9A /* NewCategories */ = {
			isa = PBXGroup;
			children = (
				FC44002828D4E44C00818FE8 /* NewCategorieViewController.swift */,
				FC44002928D4E44C00818FE8 /* NewCategorieViewController.xib */,
			);
			path = NewCategories;
			sourceTree = "<group>";
		};
		FC4423A228D8BC9A00803C9A /* Home */ = {
			isa = PBXGroup;
			children = (
				FC70D08528DCEC9A00B9B65A /* ArtNearCollectionCell */,
				FC70D08028DCE09700B9B65A /* CoCreationCollectionCell */,
				FC70D07B28DCBEE800B9B65A /* ArtistNearCollectionCell */,
				FC133E5228DA2A5A00216014 /* MarketCollectionCell */,
				FC4423A328D8BCAD00803C9A /* HomeViewController.swift */,
				FC4423A428D8BCAD00803C9A /* HomeViewController.xib */,
			);
			path = Home;
			sourceTree = "<group>";
		};
		FC4423A928D8E66200803C9A /* Market */ = {
			isa = PBXGroup;
			children = (
				FC9E719728EF55A0008165DC /* RecycleCollectionCell */,
				FC9E719228EF556D008165DC /* SubastaCollectionCell */,
				FC9E718D28EF54D3008165DC /* ArteCollectionCell */,
				FC4423AA28D8E67500803C9A /* MarketViewController.swift */,
				FC4423AB28D8E67500803C9A /* MarketViewController.xib */,
			);
			path = Market;
			sourceTree = "<group>";
		};
		FC4423AE28D8E67D00803C9A /* Messages */ = {
			isa = PBXGroup;
			children = (
				FC72909B28EDE52C00F47E08 /* MessagesTableCell */,
				FC4423AF28D8E69C00803C9A /* MessaggesViewController.swift */,
				FC4423B028D8E69C00803C9A /* MessaggesViewController.xib */,
			);
			path = Messages;
			sourceTree = "<group>";
		};
		FC4423B328D8E6C000803C9A /* Profile */ = {
			isa = PBXGroup;
			children = (
				FC7290A528EE17D500F47E08 /* MarketCollectionCell */,
				FC7290A028EE12E900F47E08 /* PortfolioCollectionCell */,
				FC4423B428D8E6D700803C9A /* ProfileViewController.swift */,
				FC4423B528D8E6D700803C9A /* ProfileViewController.xib */,
			);
			path = Profile;
			sourceTree = "<group>";
		};
		FC5313EE28CBC30100C7ACA6 /* animations */ = {
			isa = PBXGroup;
			children = (
				FC5313F728CBDC5700C7ACA6 /* animationButton.json */,
				FC8B39CB28CF98CD00A4750F /* animationButtonOff.json */,
			);
			path = animations;
			sourceTree = "<group>";
		};
		FC58B07528C91BCC00A66B78 /* controller */ = {
			isa = PBXGroup;
			children = (
				FC58B07628C91C1E00A66B78 /* StyleFunctions.swift */,
				FC75B37428ECAF5500E5AE74 /* DequeuableRegistrable.swift */,
			);
			path = controller;
			sourceTree = "<group>";
		};
		FC60702028C7D3F000424A33 = {
			isa = PBXGroup;
			children = (
				FC60702B28C7D3F000424A33 /* artppl */,
				FC60702A28C7D3F000424A33 /* Products */,
				2800E060E384F11ADC8F49C8 /* Pods */,
				FA56FC99DDFE97AE952A2167 /* Frameworks */,
			);
			sourceTree = "<group>";
		};
		FC60702A28C7D3F000424A33 /* Products */ = {
			isa = PBXGroup;
			children = (
				FC60702928C7D3F000424A33 /* artppl.app */,
			);
			name = Products;
			sourceTree = "<group>";
		};
		FC60702B28C7D3F000424A33 /* artppl */ = {
			isa = PBXGroup;
			children = (
				FCEE50C528D2373B00CF9B68 /* customComponents */,
				FC5313EE28CBC30100C7ACA6 /* animations */,
				FC60704528C7E87500424A33 /* fonts */,
				FC60704028C7E01300424A33 /* view */,
				FC58B07528C91BCC00A66B78 /* controller */,
				FC60702C28C7D3F000424A33 /* AppDelegate.swift */,
				FC60702E28C7D3F000424A33 /* SceneDelegate.swift */,
				FC60703028C7D3F000424A33 /* ViewController.swift */,
				FC60703228C7D3F000424A33 /* Main.storyboard */,
				FC60703728C7D3F400424A33 /* LaunchScreen.storyboard */,
				FC4423A728D8C36000803C9A /* Assets.xcassets */,
				FC60703A28C7D3F400424A33 /* Info.plist */,
			);
			path = artppl;
			sourceTree = "<group>";
		};
		FC60704028C7E01300424A33 /* view */ = {
			isa = PBXGroup;
			children = (
				FC74B60528E7495E00FC073F /* MyShopping */,
				FC12B83E28E6181400BF91D1 /* artisticWork */,
				FC3A1C2F28E4C33100FA3056 /* Support */,
				FCC03FC228E37B930016CF57 /* SideMenu */,
				FCA2D1D828E22C3700960950 /* TabBar */,
				FC226AD928DE137A00621699 /* AddNew */,
				FC4423B328D8E6C000803C9A /* Profile */,
				FC4423AE28D8E67D00803C9A /* Messages */,
				FC4423A928D8E66200803C9A /* Market */,
				FC4423A228D8BC9A00803C9A /* Home */,
				FC4423A128D8A01E00803C9A /* NewCategories */,
				FC4423A028D8A00500803C9A /* PersonalTastes */,
				FC99304F28D89EBC003E8223 /* Profile selector */,
				FC99304E28D89EAF003E8223 /* Register */,
				FC99304D28D89EA0003E8223 /* Login */,
				FC99304C28D89E5E003E8223 /* OnBoarding */,
			);
			path = view;
			sourceTree = "<group>";
		};
		FC60704528C7E87500424A33 /* fonts */ = {
			isa = PBXGroup;
			children = (
				FC11884A28CA81C500D9972A /* Montserrat-Black.ttf */,
				FC58B07328C9037000A66B78 /* Montserrat-Bold.ttf */,
				FC58B06F28C8F96400A66B78 /* Montserrat-Medium.ttf */,
				FC58B07128C8FC4E00A66B78 /* Montserrat-Regular.ttf */,
				FC60704628C7E8BB00424A33 /* Roboto-Black.ttf */,
			);
			path = fonts;
			sourceTree = "<group>";
		};
		FC70D07B28DCBEE800B9B65A /* ArtistNearCollectionCell */ = {
			isa = PBXGroup;
			children = (
				FC70D07C28DCBF0C00B9B65A /* ArtistNearCollectionViewCell.swift */,
				FC70D07D28DCBF0C00B9B65A /* ArtistNearCollectionViewCell.xib */,
			);
			path = ArtistNearCollectionCell;
			sourceTree = "<group>";
		};
		FC70D08028DCE09700B9B65A /* CoCreationCollectionCell */ = {
			isa = PBXGroup;
			children = (
				FC70D08128DCE0B800B9B65A /* CoCreationCollectionViewCell.swift */,
				FC70D08228DCE0B800B9B65A /* CoCreationCollectionViewCell.xib */,
			);
			path = CoCreationCollectionCell;
			sourceTree = "<group>";
		};
		FC70D08528DCEC9A00B9B65A /* ArtNearCollectionCell */ = {
			isa = PBXGroup;
			children = (
				FC70D08628DCECB400B9B65A /* ArtNearCollectionViewCell.swift */,
				FC70D08728DCECB400B9B65A /* ArtNearCollectionViewCell.xib */,
			);
			path = ArtNearCollectionCell;
			sourceTree = "<group>";
		};
		FC72909B28EDE52C00F47E08 /* MessagesTableCell */ = {
			isa = PBXGroup;
			children = (
				FC72909C28EDE54700F47E08 /* MessageTableViewCell.swift */,
				FC72909D28EDE54700F47E08 /* MessageTableViewCell.xib */,
			);
			path = MessagesTableCell;
			sourceTree = "<group>";
		};
		FC7290A028EE12E900F47E08 /* PortfolioCollectionCell */ = {
			isa = PBXGroup;
			children = (
				FC7290A128EE130D00F47E08 /* PortfolioCollectionViewCell.swift */,
				FC7290A228EE130D00F47E08 /* PortfolioCollectionViewCell.xib */,
			);
			path = PortfolioCollectionCell;
			sourceTree = "<group>";
		};
		FC7290A528EE17D500F47E08 /* MarketCollectionCell */ = {
			isa = PBXGroup;
			children = (
				FC7290AA28EE181E00F47E08 /* MarketProfileCollectionViewCell.swift */,
				FC7290AB28EE181E00F47E08 /* MarketProfileCollectionViewCell.xib */,
			);
			path = MarketCollectionCell;
			sourceTree = "<group>";
		};
		FC74B60528E7495E00FC073F /* MyShopping */ = {
			isa = PBXGroup;
			children = (
				FC74B60A28E74CA600FC073F /* ShoppingItem */,
				FC74B60628E7497A00FC073F /* MyShoppingViewController.swift */,
				FC74B60728E7497A00FC073F /* MyShoppingViewController.xib */,
			);
			path = MyShopping;
			sourceTree = "<group>";
		};
		FC74B60A28E74CA600FC073F /* ShoppingItem */ = {
			isa = PBXGroup;
			children = (
				FC74B60B28E74CCE00FC073F /* ShoppingTableViewCell.swift */,
				FC74B60C28E74CCE00FC073F /* ShoppingTableViewCell.xib */,
			);
			path = ShoppingItem;
			sourceTree = "<group>";
		};
		FC99304C28D89E5E003E8223 /* OnBoarding */ = {
			isa = PBXGroup;
			children = (
				FC60704128C7E09200424A33 /* WelcomeSliderViewController.swift */,
				FC60704228C7E09200424A33 /* WelcomeSliderViewController.xib */,
			);
			path = OnBoarding;
			sourceTree = "<group>";
		};
		FC99304D28D89EA0003E8223 /* Login */ = {
			isa = PBXGroup;
			children = (
				FC58B06B28C8F5E100A66B78 /* LoginViewController.swift */,
				FC58B06C28C8F5E100A66B78 /* LoginViewController.xib */,
			);
			path = Login;
			sourceTree = "<group>";
		};
		FC99304E28D89EAF003E8223 /* Register */ = {
			isa = PBXGroup;
			children = (
				FC58B07828C91FF800A66B78 /* RegisterViewController.swift */,
				FC58B07928C91FF800A66B78 /* RegisterViewController.xib */,
			);
			path = Register;
			sourceTree = "<group>";
		};
		FC99304F28D89EBC003E8223 /* Profile selector */ = {
			isa = PBXGroup;
			children = (
				FC58B07C28C92F8C00A66B78 /* ProfileSelectorViewController.swift */,
				FC44239E28D89FF200803C9A /* ProfileSelectorViewController.xib */,
			);
			path = "Profile selector";
			sourceTree = "<group>";
		};
		FC9E718D28EF54D3008165DC /* ArteCollectionCell */ = {
			isa = PBXGroup;
			children = (
				FC9E718E28EF54F7008165DC /* ArteCollectionViewCell.swift */,
				FC9E718F28EF54F7008165DC /* ArteCollectionViewCell.xib */,
			);
			path = ArteCollectionCell;
			sourceTree = "<group>";
		};
		FC9E719228EF556D008165DC /* SubastaCollectionCell */ = {
			isa = PBXGroup;
			children = (
				FC9E719328EF5589008165DC /* SubastaCollectionViewCell.swift */,
				FC9E719428EF5589008165DC /* SubastaCollectionViewCell.xib */,
			);
			path = SubastaCollectionCell;
			sourceTree = "<group>";
		};
		FC9E719728EF55A0008165DC /* RecycleCollectionCell */ = {
			isa = PBXGroup;
			children = (
				FC9E719828EF55B4008165DC /* RecycleCollectionViewCell.swift */,
				FC9E719928EF55B4008165DC /* RecycleCollectionViewCell.xib */,
			);
			path = RecycleCollectionCell;
			sourceTree = "<group>";
		};
		FCA2D1D828E22C3700960950 /* TabBar */ = {
			isa = PBXGroup;
			children = (
				FCA2D1D928E22C4A00960950 /* MyTabViewController.swift */,
				FCA2D1DA28E22C4A00960950 /* MyTabViewController.xib */,
			);
			path = TabBar;
			sourceTree = "<group>";
		};
		FCC03FC228E37B930016CF57 /* SideMenu */ = {
			isa = PBXGroup;
			children = (
				FCC03FC328E37BB60016CF57 /* SideMenuViewController.swift */,
				FCC03FC428E37BB60016CF57 /* SideMenuViewController.xib */,
			);
			path = SideMenu;
			sourceTree = "<group>";
		};
		FCEE50C528D2373B00CF9B68 /* customComponents */ = {
			isa = PBXGroup;
			children = (
				FCEE50CA28D2434300CF9B68 /* CustomViewAnimation.swift */,
				FCEE50CC28D25CA400CF9B68 /* CustomButtonBorder.swift */,
				FCEE50CE28D25F0700CF9B68 /* CustomViewGradient.swift */,
				FC02361428D37CBD00D75E27 /* CustomButtonGradient.swift */,
				FC44002628D4CA7600818FE8 /* GradientAnimationButton.swift */,
				FCDC7EF628E20CB000F461DD /* CustomGradientWhiteTransp.swift */,
				FCA2D1D328E21C9500960950 /* CustomPopUpButton.swift */,
			);
			path = customComponents;
			sourceTree = "<group>";
		};
/* End PBXGroup section */

/* Begin PBXNativeTarget section */
		FC60702828C7D3F000424A33 /* artppl */ = {
			isa = PBXNativeTarget;
			buildConfigurationList = FC60703D28C7D3F400424A33 /* Build configuration list for PBXNativeTarget "artppl" */;
			buildPhases = (
				FFC79399A3CE9A062E4DC03E /* [CP] Check Pods Manifest.lock */,
				FC60702528C7D3F000424A33 /* Sources */,
				FC60702628C7D3F000424A33 /* Frameworks */,
				FC60702728C7D3F000424A33 /* Resources */,
				93C6C925018BDCF7EF588CFA /* [CP] Embed Pods Frameworks */,
			);
			buildRules = (
			);
			dependencies = (
			);
			name = artppl;
			productName = artppl;
			productReference = FC60702928C7D3F000424A33 /* artppl.app */;
			productType = "com.apple.product-type.application";
		};
/* End PBXNativeTarget section */

/* Begin PBXProject section */
		FC60702128C7D3F000424A33 /* Project object */ = {
			isa = PBXProject;
			attributes = {
				BuildIndependentTargetsInParallel = 1;
				LastSwiftUpdateCheck = 1340;
				LastUpgradeCheck = 1340;
				TargetAttributes = {
					FC60702828C7D3F000424A33 = {
						CreatedOnToolsVersion = 13.4.1;
					};
				};
			};
			buildConfigurationList = FC60702428C7D3F000424A33 /* Build configuration list for PBXProject "artppl" */;
			compatibilityVersion = "Xcode 13.0";
			developmentRegion = en;
			hasScannedForEncodings = 0;
			knownRegions = (
				en,
				Base,
			);
			mainGroup = FC60702028C7D3F000424A33;
			productRefGroup = FC60702A28C7D3F000424A33 /* Products */;
			projectDirPath = "";
			projectRoot = "";
			targets = (
				FC60702828C7D3F000424A33 /* artppl */,
			);
		};
/* End PBXProject section */

/* Begin PBXResourcesBuildPhase section */
		FC60702728C7D3F000424A33 /* Resources */ = {
			isa = PBXResourcesBuildPhase;
			buildActionMask = 2147483647;
			files = (
				FC4423B728D8E6D700803C9A /* ProfileViewController.xib in Resources */,
				FC12B84228E6183200BF91D1 /* ArtisticWorkViewController.xib in Resources */,
				FC44002B28D4E44C00818FE8 /* NewCategorieViewController.xib in Resources */,
				FC58B07228C8FC4E00A66B78 /* Montserrat-Regular.ttf in Resources */,
				FC9E719628EF5589008165DC /* SubastaCollectionViewCell.xib in Resources */,
				FC9E719128EF54F7008165DC /* ArteCollectionViewCell.xib in Resources */,
				FC58B07B28C91FF800A66B78 /* RegisterViewController.xib in Resources */,
				FC4423AD28D8E67500803C9A /* MarketViewController.xib in Resources */,
				FC70D07F28DCBF0C00B9B65A /* ArtistNearCollectionViewCell.xib in Resources */,
				FC44239D28D89FC900803C9A /* PersonalTastesViewController.xib in Resources */,
				FC58B06E28C8F5E100A66B78 /* LoginViewController.xib in Resources */,
				FCC03FC628E37BB60016CF57 /* SideMenuViewController.xib in Resources */,
				FC5313F828CBDC5700C7ACA6 /* animationButton.json in Resources */,
				FC9E719B28EF55B4008165DC /* RecycleCollectionViewCell.xib in Resources */,
				FC60704428C7E09200424A33 /* WelcomeSliderViewController.xib in Resources */,
				FC8B39CC28CF98CD00A4750F /* animationButtonOff.json in Resources */,
				FC44239F28D89FF200803C9A /* ProfileSelectorViewController.xib in Resources */,
				FC226ADD28DE139800621699 /* AddNewViewController.xib in Resources */,
				FC11884B28CA81C600D9972A /* Montserrat-Black.ttf in Resources */,
				FCA2D1DC28E22C4A00960950 /* MyTabViewController.xib in Resources */,
				FC72909F28EDE54700F47E08 /* MessageTableViewCell.xib in Resources */,
				FC60703928C7D3F400424A33 /* LaunchScreen.storyboard in Resources */,
				FC74B60928E7497A00FC073F /* MyShoppingViewController.xib in Resources */,
				FC133E5628DA2B5000216014 /* MarketCollectionViewCell.xib in Resources */,
				FC58B07028C8F96400A66B78 /* Montserrat-Medium.ttf in Resources */,
				FC4423B228D8E69C00803C9A /* MessaggesViewController.xib in Resources */,
				FC60704728C7E8BB00424A33 /* Roboto-Black.ttf in Resources */,
				FC60703428C7D3F000424A33 /* Main.storyboard in Resources */,
				FC4423A828D8C36000803C9A /* Assets.xcassets in Resources */,
				FC7290AD28EE181E00F47E08 /* MarketProfileCollectionViewCell.xib in Resources */,
				FC7290A428EE130D00F47E08 /* PortfolioCollectionViewCell.xib in Resources */,
				FC4423A628D8BCAD00803C9A /* HomeViewController.xib in Resources */,
				FC70D08428DCE0B800B9B65A /* CoCreationCollectionViewCell.xib in Resources */,
				FC74B60E28E74CCE00FC073F /* ShoppingTableViewCell.xib in Resources */,
				FC70D08928DCECB400B9B65A /* ArtNearCollectionViewCell.xib in Resources */,
				FC3A1C3328E4C34D00FA3056 /* SupportViewController.xib in Resources */,
				FC133E5128DA06D300216014 /* Montserrat-Bold.ttf in Resources */,
			);
			runOnlyForDeploymentPostprocessing = 0;
		};
/* End PBXResourcesBuildPhase section */

/* Begin PBXShellScriptBuildPhase section */
		93C6C925018BDCF7EF588CFA /* [CP] Embed Pods Frameworks */ = {
			isa = PBXShellScriptBuildPhase;
			buildActionMask = 2147483647;
			files = (
			);
			inputFileListPaths = (
				"${PODS_ROOT}/Target Support Files/Pods-artppl/Pods-artppl-frameworks-${CONFIGURATION}-input-files.xcfilelist",
			);
			name = "[CP] Embed Pods Frameworks";
			outputFileListPaths = (
				"${PODS_ROOT}/Target Support Files/Pods-artppl/Pods-artppl-frameworks-${CONFIGURATION}-output-files.xcfilelist",
			);
			runOnlyForDeploymentPostprocessing = 0;
			shellPath = /bin/sh;
			shellScript = "\"${PODS_ROOT}/Target Support Files/Pods-artppl/Pods-artppl-frameworks.sh\"\n";
			showEnvVarsInLog = 0;
		};
		FFC79399A3CE9A062E4DC03E /* [CP] Check Pods Manifest.lock */ = {
			isa = PBXShellScriptBuildPhase;
			buildActionMask = 2147483647;
			files = (
			);
			inputFileListPaths = (
			);
			inputPaths = (
				"${PODS_PODFILE_DIR_PATH}/Podfile.lock",
				"${PODS_ROOT}/Manifest.lock",
			);
			name = "[CP] Check Pods Manifest.lock";
			outputFileListPaths = (
			);
			outputPaths = (
				"$(DERIVED_FILE_DIR)/Pods-artppl-checkManifestLockResult.txt",
			);
			runOnlyForDeploymentPostprocessing = 0;
			shellPath = /bin/sh;
			shellScript = "diff \"${PODS_PODFILE_DIR_PATH}/Podfile.lock\" \"${PODS_ROOT}/Manifest.lock\" > /dev/null\nif [ $? != 0 ] ; then\n    # print error to STDERR\n    echo \"error: The sandbox is not in sync with the Podfile.lock. Run 'pod install' or update your CocoaPods installation.\" >&2\n    exit 1\nfi\n# This output is used by Xcode 'outputs' to avoid re-running this script phase.\necho \"SUCCESS\" > \"${SCRIPT_OUTPUT_FILE_0}\"\n";
			showEnvVarsInLog = 0;
		};
/* End PBXShellScriptBuildPhase section */

/* Begin PBXSourcesBuildPhase section */
		FC60702528C7D3F000424A33 /* Sources */ = {
			isa = PBXSourcesBuildPhase;
			buildActionMask = 2147483647;
			files = (
				FC133E5528DA2B5000216014 /* MarketCollectionViewCell.swift in Sources */,
				FC74B60D28E74CCE00FC073F /* ShoppingTableViewCell.swift in Sources */,
				FC9E719528EF5589008165DC /* SubastaCollectionViewCell.swift in Sources */,
				FC4423B128D8E69C00803C9A /* MessaggesViewController.swift in Sources */,
				FC72909E28EDE54700F47E08 /* MessageTableViewCell.swift in Sources */,
				FC7290AC28EE181E00F47E08 /* MarketProfileCollectionViewCell.swift in Sources */,
				FC60704328C7E09200424A33 /* WelcomeSliderViewController.swift in Sources */,
				FC58B07E28C92F8C00A66B78 /* ProfileSelectorViewController.swift in Sources */,
				FCC03FC528E37BB60016CF57 /* SideMenuViewController.swift in Sources */,
				FC9E719028EF54F7008165DC /* ArteCollectionViewCell.swift in Sources */,
				FC60703128C7D3F000424A33 /* ViewController.swift in Sources */,
				FC226ADC28DE139800621699 /* AddNewViewController.swift in Sources */,
				FC3A1C3228E4C34D00FA3056 /* SupportViewController.swift in Sources */,
				FC4423AC28D8E67500803C9A /* MarketViewController.swift in Sources */,
				FCEE50CF28D25F0800CF9B68 /* CustomViewGradient.swift in Sources */,
				FC02361528D37CBD00D75E27 /* CustomButtonGradient.swift in Sources */,
				FC58B06D28C8F5E100A66B78 /* LoginViewController.swift in Sources */,
				FC12B84128E6183200BF91D1 /* ArtisticWorkViewController.swift in Sources */,
				FC70D07E28DCBF0C00B9B65A /* ArtistNearCollectionViewCell.swift in Sources */,
				FC58B07728C91C1E00A66B78 /* StyleFunctions.swift in Sources */,
				FC4423B628D8E6D700803C9A /* ProfileViewController.swift in Sources */,
				FC60702D28C7D3F000424A33 /* AppDelegate.swift in Sources */,
				FC44002728D4CA7600818FE8 /* GradientAnimationButton.swift in Sources */,
				FCDC7EF728E20CB000F461DD /* CustomGradientWhiteTransp.swift in Sources */,
				FC74B60828E7497A00FC073F /* MyShoppingViewController.swift in Sources */,
				FC44002A28D4E44C00818FE8 /* NewCategorieViewController.swift in Sources */,
				FC58B07A28C91FF800A66B78 /* RegisterViewController.swift in Sources */,
				FC7290A328EE130D00F47E08 /* PortfolioCollectionViewCell.swift in Sources */,
				FC75B37528ECAF5500E5AE74 /* DequeuableRegistrable.swift in Sources */,
				FC4423A528D8BCAD00803C9A /* HomeViewController.swift in Sources */,
				FC9E719A28EF55B4008165DC /* RecycleCollectionViewCell.swift in Sources */,
				FCA2D1DB28E22C4A00960950 /* MyTabViewController.swift in Sources */,
				FCEE50CD28D25CA400CF9B68 /* CustomButtonBorder.swift in Sources */,
				FC60702F28C7D3F000424A33 /* SceneDelegate.swift in Sources */,
				FC70D08828DCECB400B9B65A /* ArtNearCollectionViewCell.swift in Sources */,
				FC70D08328DCE0B800B9B65A /* CoCreationCollectionViewCell.swift in Sources */,
				FCA2D1D428E21C9500960950 /* CustomPopUpButton.swift in Sources */,
				FCEE50CB28D2434300CF9B68 /* CustomViewAnimation.swift in Sources */,
				FC11884828CA7FDC00D9972A /* PersonalTastesViewController.swift in Sources */,
			);
			runOnlyForDeploymentPostprocessing = 0;
		};
/* End PBXSourcesBuildPhase section */

/* Begin PBXVariantGroup section */
		FC60703228C7D3F000424A33 /* Main.storyboard */ = {
			isa = PBXVariantGroup;
			children = (
				FC60703328C7D3F000424A33 /* Base */,
			);
			name = Main.storyboard;
			sourceTree = "<group>";
		};
		FC60703728C7D3F400424A33 /* LaunchScreen.storyboard */ = {
			isa = PBXVariantGroup;
			children = (
				FC60703828C7D3F400424A33 /* Base */,
			);
			name = LaunchScreen.storyboard;
			sourceTree = "<group>";
		};
/* End PBXVariantGroup section */

/* Begin XCBuildConfiguration section */
		FC60703B28C7D3F400424A33 /* Debug */ = {
			isa = XCBuildConfiguration;
			buildSettings = {
				ALWAYS_SEARCH_USER_PATHS = NO;
				CLANG_ANALYZER_NONNULL = YES;
				CLANG_ANALYZER_NUMBER_OBJECT_CONVERSION = YES_AGGRESSIVE;
				CLANG_CXX_LANGUAGE_STANDARD = "gnu++17";
				CLANG_ENABLE_MODULES = YES;
				CLANG_ENABLE_OBJC_ARC = YES;
				CLANG_ENABLE_OBJC_WEAK = YES;
				CLANG_WARN_BLOCK_CAPTURE_AUTORELEASING = YES;
				CLANG_WARN_BOOL_CONVERSION = YES;
				CLANG_WARN_COMMA = YES;
				CLANG_WARN_CONSTANT_CONVERSION = YES;
				CLANG_WARN_DEPRECATED_OBJC_IMPLEMENTATIONS = YES;
				CLANG_WARN_DIRECT_OBJC_ISA_USAGE = YES_ERROR;
				CLANG_WARN_DOCUMENTATION_COMMENTS = YES;
				CLANG_WARN_EMPTY_BODY = YES;
				CLANG_WARN_ENUM_CONVERSION = YES;
				CLANG_WARN_INFINITE_RECURSION = YES;
				CLANG_WARN_INT_CONVERSION = YES;
				CLANG_WARN_NON_LITERAL_NULL_CONVERSION = YES;
				CLANG_WARN_OBJC_IMPLICIT_RETAIN_SELF = YES;
				CLANG_WARN_OBJC_LITERAL_CONVERSION = YES;
				CLANG_WARN_OBJC_ROOT_CLASS = YES_ERROR;
				CLANG_WARN_QUOTED_INCLUDE_IN_FRAMEWORK_HEADER = YES;
				CLANG_WARN_RANGE_LOOP_ANALYSIS = YES;
				CLANG_WARN_STRICT_PROTOTYPES = YES;
				CLANG_WARN_SUSPICIOUS_MOVE = YES;
				CLANG_WARN_UNGUARDED_AVAILABILITY = YES_AGGRESSIVE;
				CLANG_WARN_UNREACHABLE_CODE = YES;
				CLANG_WARN__DUPLICATE_METHOD_MATCH = YES;
				COPY_PHASE_STRIP = NO;
				DEBUG_INFORMATION_FORMAT = dwarf;
				ENABLE_STRICT_OBJC_MSGSEND = YES;
				ENABLE_TESTABILITY = YES;
				GCC_C_LANGUAGE_STANDARD = gnu11;
				GCC_DYNAMIC_NO_PIC = NO;
				GCC_NO_COMMON_BLOCKS = YES;
				GCC_OPTIMIZATION_LEVEL = 0;
				GCC_PREPROCESSOR_DEFINITIONS = (
					"DEBUG=1",
					"$(inherited)",
				);
				GCC_WARN_64_TO_32_BIT_CONVERSION = YES;
				GCC_WARN_ABOUT_RETURN_TYPE = YES_ERROR;
				GCC_WARN_UNDECLARED_SELECTOR = YES;
				GCC_WARN_UNINITIALIZED_AUTOS = YES_AGGRESSIVE;
				GCC_WARN_UNUSED_FUNCTION = YES;
				GCC_WARN_UNUSED_VARIABLE = YES;
				IPHONEOS_DEPLOYMENT_TARGET = 15.5;
				MTL_ENABLE_DEBUG_INFO = INCLUDE_SOURCE;
				MTL_FAST_MATH = YES;
				ONLY_ACTIVE_ARCH = YES;
				SDKROOT = iphoneos;
				SWIFT_ACTIVE_COMPILATION_CONDITIONS = DEBUG;
				SWIFT_OPTIMIZATION_LEVEL = "-Onone";
			};
			name = Debug;
		};
		FC60703C28C7D3F400424A33 /* Release */ = {
			isa = XCBuildConfiguration;
			buildSettings = {
				ALWAYS_SEARCH_USER_PATHS = NO;
				CLANG_ANALYZER_NONNULL = YES;
				CLANG_ANALYZER_NUMBER_OBJECT_CONVERSION = YES_AGGRESSIVE;
				CLANG_CXX_LANGUAGE_STANDARD = "gnu++17";
				CLANG_ENABLE_MODULES = YES;
				CLANG_ENABLE_OBJC_ARC = YES;
				CLANG_ENABLE_OBJC_WEAK = YES;
				CLANG_WARN_BLOCK_CAPTURE_AUTORELEASING = YES;
				CLANG_WARN_BOOL_CONVERSION = YES;
				CLANG_WARN_COMMA = YES;
				CLANG_WARN_CONSTANT_CONVERSION = YES;
				CLANG_WARN_DEPRECATED_OBJC_IMPLEMENTATIONS = YES;
				CLANG_WARN_DIRECT_OBJC_ISA_USAGE = YES_ERROR;
				CLANG_WARN_DOCUMENTATION_COMMENTS = YES;
				CLANG_WARN_EMPTY_BODY = YES;
				CLANG_WARN_ENUM_CONVERSION = YES;
				CLANG_WARN_INFINITE_RECURSION = YES;
				CLANG_WARN_INT_CONVERSION = YES;
				CLANG_WARN_NON_LITERAL_NULL_CONVERSION = YES;
				CLANG_WARN_OBJC_IMPLICIT_RETAIN_SELF = YES;
				CLANG_WARN_OBJC_LITERAL_CONVERSION = YES;
				CLANG_WARN_OBJC_ROOT_CLASS = YES_ERROR;
				CLANG_WARN_QUOTED_INCLUDE_IN_FRAMEWORK_HEADER = YES;
				CLANG_WARN_RANGE_LOOP_ANALYSIS = YES;
				CLANG_WARN_STRICT_PROTOTYPES = YES;
				CLANG_WARN_SUSPICIOUS_MOVE = YES;
				CLANG_WARN_UNGUARDED_AVAILABILITY = YES_AGGRESSIVE;
				CLANG_WARN_UNREACHABLE_CODE = YES;
				CLANG_WARN__DUPLICATE_METHOD_MATCH = YES;
				COPY_PHASE_STRIP = NO;
				DEBUG_INFORMATION_FORMAT = "dwarf-with-dsym";
				ENABLE_NS_ASSERTIONS = NO;
				ENABLE_STRICT_OBJC_MSGSEND = YES;
				GCC_C_LANGUAGE_STANDARD = gnu11;
				GCC_NO_COMMON_BLOCKS = YES;
				GCC_WARN_64_TO_32_BIT_CONVERSION = YES;
				GCC_WARN_ABOUT_RETURN_TYPE = YES_ERROR;
				GCC_WARN_UNDECLARED_SELECTOR = YES;
				GCC_WARN_UNINITIALIZED_AUTOS = YES_AGGRESSIVE;
				GCC_WARN_UNUSED_FUNCTION = YES;
				GCC_WARN_UNUSED_VARIABLE = YES;
				IPHONEOS_DEPLOYMENT_TARGET = 15.5;
				MTL_ENABLE_DEBUG_INFO = NO;
				MTL_FAST_MATH = YES;
				SDKROOT = iphoneos;
				SWIFT_COMPILATION_MODE = wholemodule;
				SWIFT_OPTIMIZATION_LEVEL = "-O";
				VALIDATE_PRODUCT = YES;
			};
			name = Release;
		};
		FC60703E28C7D3F400424A33 /* Debug */ = {
			isa = XCBuildConfiguration;
			baseConfigurationReference = 3E1457A6C6709C3277742006 /* Pods-artppl.debug.xcconfig */;
			buildSettings = {
				ASSETCATALOG_COMPILER_APPICON_NAME = AppIcon;
				ASSETCATALOG_COMPILER_GLOBAL_ACCENT_COLOR_NAME = AccentColor;
				CODE_SIGN_STYLE = Automatic;
				CURRENT_PROJECT_VERSION = 3;
				DEVELOPMENT_TEAM = EUARY92ECY;
				GENERATE_INFOPLIST_FILE = YES;
				INFOPLIST_FILE = artppl/Info.plist;
				INFOPLIST_KEY_CFBundleDisplayName = artppl;
				INFOPLIST_KEY_LSApplicationCategoryType = "public.app-category.social-networking";
				INFOPLIST_KEY_UIApplicationSupportsIndirectInputEvents = YES;
				INFOPLIST_KEY_UILaunchStoryboardName = LaunchScreen;
				INFOPLIST_KEY_UIMainStoryboardFile = Main;
				INFOPLIST_KEY_UIStatusBarHidden = NO;
				INFOPLIST_KEY_UISupportedInterfaceOrientations_iPad = "UIInterfaceOrientationPortrait UIInterfaceOrientationPortraitUpsideDown UIInterfaceOrientationLandscapeLeft UIInterfaceOrientationLandscapeRight";
				INFOPLIST_KEY_UISupportedInterfaceOrientations_iPhone = "UIInterfaceOrientationPortrait UIInterfaceOrientationLandscapeLeft UIInterfaceOrientationLandscapeRight";
				LD_RUNPATH_SEARCH_PATHS = (
					"$(inherited)",
					"@executable_path/Frameworks",
				);
				MARKETING_VERSION = 1.0;
				PRODUCT_BUNDLE_IDENTIFIER = com.infinixapp.dev;
				PRODUCT_NAME = "$(TARGET_NAME)";
				SWIFT_EMIT_LOC_STRINGS = YES;
				SWIFT_VERSION = 5.0;
				TARGETED_DEVICE_FAMILY = "1,2";
			};
			name = Debug;
		};
		FC60703F28C7D3F400424A33 /* Release */ = {
			isa = XCBuildConfiguration;
			baseConfigurationReference = A78B62642C57E15A5F63DA57 /* Pods-artppl.release.xcconfig */;
			buildSettings = {
				ASSETCATALOG_COMPILER_APPICON_NAME = AppIcon;
				ASSETCATALOG_COMPILER_GLOBAL_ACCENT_COLOR_NAME = AccentColor;
				CODE_SIGN_STYLE = Automatic;
				CURRENT_PROJECT_VERSION = 3;
				DEVELOPMENT_TEAM = EUARY92ECY;
				GENERATE_INFOPLIST_FILE = YES;
				INFOPLIST_FILE = artppl/Info.plist;
				INFOPLIST_KEY_CFBundleDisplayName = artppl;
				INFOPLIST_KEY_LSApplicationCategoryType = "public.app-category.social-networking";
				INFOPLIST_KEY_UIApplicationSupportsIndirectInputEvents = YES;
				INFOPLIST_KEY_UILaunchStoryboardName = LaunchScreen;
				INFOPLIST_KEY_UIMainStoryboardFile = Main;
				INFOPLIST_KEY_UIStatusBarHidden = NO;
				INFOPLIST_KEY_UISupportedInterfaceOrientations_iPad = "UIInterfaceOrientationPortrait UIInterfaceOrientationPortraitUpsideDown UIInterfaceOrientationLandscapeLeft UIInterfaceOrientationLandscapeRight";
				INFOPLIST_KEY_UISupportedInterfaceOrientations_iPhone = "UIInterfaceOrientationPortrait UIInterfaceOrientationLandscapeLeft UIInterfaceOrientationLandscapeRight";
				LD_RUNPATH_SEARCH_PATHS = (
					"$(inherited)",
					"@executable_path/Frameworks",
				);
				MARKETING_VERSION = 1.0;
				PRODUCT_BUNDLE_IDENTIFIER = com.infinixapp.dev;
				PRODUCT_NAME = "$(TARGET_NAME)";
				SWIFT_EMIT_LOC_STRINGS = YES;
				SWIFT_VERSION = 5.0;
				TARGETED_DEVICE_FAMILY = "1,2";
			};
			name = Release;
		};
/* End XCBuildConfiguration section */

/* Begin XCConfigurationList section */
		FC60702428C7D3F000424A33 /* Build configuration list for PBXProject "artppl" */ = {
			isa = XCConfigurationList;
			buildConfigurations = (
				FC60703B28C7D3F400424A33 /* Debug */,
				FC60703C28C7D3F400424A33 /* Release */,
			);
			defaultConfigurationIsVisible = 0;
			defaultConfigurationName = Release;
		};
		FC60703D28C7D3F400424A33 /* Build configuration list for PBXNativeTarget "artppl" */ = {
			isa = XCConfigurationList;
			buildConfigurations = (
				FC60703E28C7D3F400424A33 /* Debug */,
				FC60703F28C7D3F400424A33 /* Release */,
			);
			defaultConfigurationIsVisible = 0;
			defaultConfigurationName = Release;
		};
/* End XCConfigurationList section */
	};
	rootObject = FC60702128C7D3F000424A33 /* Project object */;
}
