// !$*UTF8*$!
{
	archiveVersion = 1;
	classes = {
	};
	objectVersion = 55;
	objects = {

/* Begin PBXBuildFile section */
		E8562500D779A4C9A4171CBC /* Pods_artppl.framework in Frameworks */ = {isa = PBXBuildFile; fileRef = 96F1CF4AB099FB21E5A2515A /* Pods_artppl.framework */; };
		FC02361528D37CBD00D75E27 /* CustomButtonGradient.swift in Sources */ = {isa = PBXBuildFile; fileRef = FC02361428D37CBD00D75E27 /* CustomButtonGradient.swift */; };
		FC03123628F9B5F000C254E0 /* ChatViewController.swift in Sources */ = {isa = PBXBuildFile; fileRef = FC03123428F9B5F000C254E0 /* ChatViewController.swift */; };
		FC03123728F9B5F000C254E0 /* ChatViewController.xib in Resources */ = {isa = PBXBuildFile; fileRef = FC03123528F9B5F000C254E0 /* ChatViewController.xib */; };
		FC03123D28F9E86300C254E0 /* ReceiverTableViewCell.swift in Sources */ = {isa = PBXBuildFile; fileRef = FC03123B28F9E86300C254E0 /* ReceiverTableViewCell.swift */; };
		FC03123E28F9E86300C254E0 /* ReceiverTableViewCell.xib in Resources */ = {isa = PBXBuildFile; fileRef = FC03123C28F9E86300C254E0 /* ReceiverTableViewCell.xib */; };
		FC03124128F9E88D00C254E0 /* SenderTableViewCell.swift in Sources */ = {isa = PBXBuildFile; fileRef = FC03123F28F9E88D00C254E0 /* SenderTableViewCell.swift */; };
		FC03124228F9E88D00C254E0 /* SenderTableViewCell.xib in Resources */ = {isa = PBXBuildFile; fileRef = FC03124028F9E88D00C254E0 /* SenderTableViewCell.xib */; };
		FC03124628F9F8B200C254E0 /* MySellsViewController.swift in Sources */ = {isa = PBXBuildFile; fileRef = FC03124428F9F8B200C254E0 /* MySellsViewController.swift */; };
		FC03124728F9F8B200C254E0 /* MySellsViewController.xib in Resources */ = {isa = PBXBuildFile; fileRef = FC03124528F9F8B200C254E0 /* MySellsViewController.xib */; };
		FC03124B28F9F94900C254E0 /* SellTableViewCell.swift in Sources */ = {isa = PBXBuildFile; fileRef = FC03124928F9F94800C254E0 /* SellTableViewCell.swift */; };
		FC03124C28F9F94900C254E0 /* SellTableViewCell.xib in Resources */ = {isa = PBXBuildFile; fileRef = FC03124A28F9F94800C254E0 /* SellTableViewCell.xib */; };
		FC06771028F897BD0058144A /* RequestsTableViewCell.swift in Sources */ = {isa = PBXBuildFile; fileRef = FC06770E28F897BD0058144A /* RequestsTableViewCell.swift */; };
		FC06771128F897BD0058144A /* RequestsTableViewCell.xib in Resources */ = {isa = PBXBuildFile; fileRef = FC06770F28F897BD0058144A /* RequestsTableViewCell.xib */; };
		FC11884828CA7FDC00D9972A /* PersonalTastesViewController.swift in Sources */ = {isa = PBXBuildFile; fileRef = FC11884628CA7FDC00D9972A /* PersonalTastesViewController.swift */; };
		FC11884B28CA81C600D9972A /* Montserrat-Black.ttf in Resources */ = {isa = PBXBuildFile; fileRef = FC11884A28CA81C500D9972A /* Montserrat-Black.ttf */; };
		FC12B84128E6183200BF91D1 /* ArtisticWorkViewController.swift in Sources */ = {isa = PBXBuildFile; fileRef = FC12B83F28E6183200BF91D1 /* ArtisticWorkViewController.swift */; };
		FC12B84228E6183200BF91D1 /* ArtisticWorkViewController.xib in Resources */ = {isa = PBXBuildFile; fileRef = FC12B84028E6183200BF91D1 /* ArtisticWorkViewController.xib */; };
		FC133E5128DA06D300216014 /* Montserrat-Bold.ttf in Resources */ = {isa = PBXBuildFile; fileRef = FC58B07328C9037000A66B78 /* Montserrat-Bold.ttf */; };
		FC133E5528DA2B5000216014 /* MarketCollectionViewCell.swift in Sources */ = {isa = PBXBuildFile; fileRef = FC133E5328DA2B5000216014 /* MarketCollectionViewCell.swift */; };
		FC133E5628DA2B5000216014 /* MarketCollectionViewCell.xib in Resources */ = {isa = PBXBuildFile; fileRef = FC133E5428DA2B5000216014 /* MarketCollectionViewCell.xib */; };
		FC226ADC28DE139800621699 /* AddNewViewController.swift in Sources */ = {isa = PBXBuildFile; fileRef = FC226ADA28DE139800621699 /* AddNewViewController.swift */; };
		FC226ADD28DE139800621699 /* AddNewViewController.xib in Resources */ = {isa = PBXBuildFile; fileRef = FC226ADB28DE139800621699 /* AddNewViewController.xib */; };
		FC39BDA628F5C6CF004779A8 /* MarketItemViewController.swift in Sources */ = {isa = PBXBuildFile; fileRef = FC39BDA428F5C6CF004779A8 /* MarketItemViewController.swift */; };
		FC39BDA728F5C6CF004779A8 /* MarketItemViewController.xib in Resources */ = {isa = PBXBuildFile; fileRef = FC39BDA528F5C6CF004779A8 /* MarketItemViewController.xib */; };
		FC39BDA928F5CCCF004779A8 /* CustomFilledButton.swift in Sources */ = {isa = PBXBuildFile; fileRef = FC39BDA828F5CCCF004779A8 /* CustomFilledButton.swift */; };
		FC39BDB128F5E8C3004779A8 /* SpecItemTableViewCell.swift in Sources */ = {isa = PBXBuildFile; fileRef = FC39BDAF28F5E8C3004779A8 /* SpecItemTableViewCell.swift */; };
		FC39BDB228F5E8C3004779A8 /* SpecItemTableViewCell.xib in Resources */ = {isa = PBXBuildFile; fileRef = FC39BDB028F5E8C3004779A8 /* SpecItemTableViewCell.xib */; };
		FC39BDB628F5EE42004779A8 /* MainItemTableViewCell.swift in Sources */ = {isa = PBXBuildFile; fileRef = FC39BDB428F5EE42004779A8 /* MainItemTableViewCell.swift */; };
		FC39BDB728F5EE42004779A8 /* MainItemTableViewCell.xib in Resources */ = {isa = PBXBuildFile; fileRef = FC39BDB528F5EE42004779A8 /* MainItemTableViewCell.xib */; };
		FC3A1C3228E4C34D00FA3056 /* SupportViewController.swift in Sources */ = {isa = PBXBuildFile; fileRef = FC3A1C3028E4C34D00FA3056 /* SupportViewController.swift */; };
		FC3A1C3328E4C34D00FA3056 /* SupportViewController.xib in Resources */ = {isa = PBXBuildFile; fileRef = FC3A1C3128E4C34D00FA3056 /* SupportViewController.xib */; };
		FC44002728D4CA7600818FE8 /* GradientAnimationButton.swift in Sources */ = {isa = PBXBuildFile; fileRef = FC44002628D4CA7600818FE8 /* GradientAnimationButton.swift */; };
		FC44002A28D4E44C00818FE8 /* NewCategorieViewController.swift in Sources */ = {isa = PBXBuildFile; fileRef = FC44002828D4E44C00818FE8 /* NewCategorieViewController.swift */; };
		FC44002B28D4E44C00818FE8 /* NewCategorieViewController.xib in Resources */ = {isa = PBXBuildFile; fileRef = FC44002928D4E44C00818FE8 /* NewCategorieViewController.xib */; };
		FC44239D28D89FC900803C9A /* PersonalTastesViewController.xib in Resources */ = {isa = PBXBuildFile; fileRef = FC44239C28D89FC900803C9A /* PersonalTastesViewController.xib */; };
		FC44239F28D89FF200803C9A /* ProfileSelectorViewController.xib in Resources */ = {isa = PBXBuildFile; fileRef = FC44239E28D89FF200803C9A /* ProfileSelectorViewController.xib */; };
		FC4423A528D8BCAD00803C9A /* HomeViewController.swift in Sources */ = {isa = PBXBuildFile; fileRef = FC4423A328D8BCAD00803C9A /* HomeViewController.swift */; };
		FC4423A628D8BCAD00803C9A /* HomeViewController.xib in Resources */ = {isa = PBXBuildFile; fileRef = FC4423A428D8BCAD00803C9A /* HomeViewController.xib */; };
		FC4423A828D8C36000803C9A /* Assets.xcassets in Resources */ = {isa = PBXBuildFile; fileRef = FC4423A728D8C36000803C9A /* Assets.xcassets */; };
		FC4423AC28D8E67500803C9A /* MarketViewController.swift in Sources */ = {isa = PBXBuildFile; fileRef = FC4423AA28D8E67500803C9A /* MarketViewController.swift */; };
		FC4423AD28D8E67500803C9A /* MarketViewController.xib in Resources */ = {isa = PBXBuildFile; fileRef = FC4423AB28D8E67500803C9A /* MarketViewController.xib */; };
		FC4423B128D8E69C00803C9A /* MessaggesViewController.swift in Sources */ = {isa = PBXBuildFile; fileRef = FC4423AF28D8E69C00803C9A /* MessaggesViewController.swift */; };
		FC4423B228D8E69C00803C9A /* MessaggesViewController.xib in Resources */ = {isa = PBXBuildFile; fileRef = FC4423B028D8E69C00803C9A /* MessaggesViewController.xib */; };
		FC4423B628D8E6D700803C9A /* ProfileViewController.swift in Sources */ = {isa = PBXBuildFile; fileRef = FC4423B428D8E6D700803C9A /* ProfileViewController.swift */; };
		FC4423B728D8E6D700803C9A /* ProfileViewController.xib in Resources */ = {isa = PBXBuildFile; fileRef = FC4423B528D8E6D700803C9A /* ProfileViewController.xib */; };
		FC4A74C628F70D43007F5970 /* CocreationViewController.swift in Sources */ = {isa = PBXBuildFile; fileRef = FC4A74C428F70D43007F5970 /* CocreationViewController.swift */; };
		FC4A74C728F70D43007F5970 /* CocreationViewController.xib in Resources */ = {isa = PBXBuildFile; fileRef = FC4A74C528F70D43007F5970 /* CocreationViewController.xib */; };
		FC4A74C928F71A21007F5970 /* CustomButtonBorderNegative.swift in Sources */ = {isa = PBXBuildFile; fileRef = FC4A74C828F71A21007F5970 /* CustomButtonBorderNegative.swift */; };
		FC4A74CD28F720C0007F5970 /* CocreationRequestViewController.swift in Sources */ = {isa = PBXBuildFile; fileRef = FC4A74CB28F720C0007F5970 /* CocreationRequestViewController.swift */; };
		FC4A74CE28F720C0007F5970 /* CocreationRequestViewController.xib in Resources */ = {isa = PBXBuildFile; fileRef = FC4A74CC28F720C0007F5970 /* CocreationRequestViewController.xib */; };
		FC5313F828CBDC5700C7ACA6 /* animationButton.json in Resources */ = {isa = PBXBuildFile; fileRef = FC5313F728CBDC5700C7ACA6 /* animationButton.json */; };
		FC58B06D28C8F5E100A66B78 /* LoginViewController.swift in Sources */ = {isa = PBXBuildFile; fileRef = FC58B06B28C8F5E100A66B78 /* LoginViewController.swift */; };
		FC58B06E28C8F5E100A66B78 /* LoginViewController.xib in Resources */ = {isa = PBXBuildFile; fileRef = FC58B06C28C8F5E100A66B78 /* LoginViewController.xib */; };
		FC58B07028C8F96400A66B78 /* Montserrat-Medium.ttf in Resources */ = {isa = PBXBuildFile; fileRef = FC58B06F28C8F96400A66B78 /* Montserrat-Medium.ttf */; };
		FC58B07228C8FC4E00A66B78 /* Montserrat-Regular.ttf in Resources */ = {isa = PBXBuildFile; fileRef = FC58B07128C8FC4E00A66B78 /* Montserrat-Regular.ttf */; };
		FC58B07728C91C1E00A66B78 /* StyleFunctions.swift in Sources */ = {isa = PBXBuildFile; fileRef = FC58B07628C91C1E00A66B78 /* StyleFunctions.swift */; };
		FC58B07A28C91FF800A66B78 /* RegisterViewController.swift in Sources */ = {isa = PBXBuildFile; fileRef = FC58B07828C91FF800A66B78 /* RegisterViewController.swift */; };
		FC58B07B28C91FF800A66B78 /* RegisterViewController.xib in Resources */ = {isa = PBXBuildFile; fileRef = FC58B07928C91FF800A66B78 /* RegisterViewController.xib */; };
		FC58B07E28C92F8C00A66B78 /* ProfileSelectorViewController.swift in Sources */ = {isa = PBXBuildFile; fileRef = FC58B07C28C92F8C00A66B78 /* ProfileSelectorViewController.swift */; };
		FC60702D28C7D3F000424A33 /* AppDelegate.swift in Sources */ = {isa = PBXBuildFile; fileRef = FC60702C28C7D3F000424A33 /* AppDelegate.swift */; };
		FC60702F28C7D3F000424A33 /* SceneDelegate.swift in Sources */ = {isa = PBXBuildFile; fileRef = FC60702E28C7D3F000424A33 /* SceneDelegate.swift */; };
		FC60703128C7D3F000424A33 /* ViewController.swift in Sources */ = {isa = PBXBuildFile; fileRef = FC60703028C7D3F000424A33 /* ViewController.swift */; };
		FC60703428C7D3F000424A33 /* Main.storyboard in Resources */ = {isa = PBXBuildFile; fileRef = FC60703228C7D3F000424A33 /* Main.storyboard */; };
		FC60703928C7D3F400424A33 /* LaunchScreen.storyboard in Resources */ = {isa = PBXBuildFile; fileRef = FC60703728C7D3F400424A33 /* LaunchScreen.storyboard */; };
		FC60704328C7E09200424A33 /* WelcomeSliderViewController.swift in Sources */ = {isa = PBXBuildFile; fileRef = FC60704128C7E09200424A33 /* WelcomeSliderViewController.swift */; };
		FC60704428C7E09200424A33 /* WelcomeSliderViewController.xib in Resources */ = {isa = PBXBuildFile; fileRef = FC60704228C7E09200424A33 /* WelcomeSliderViewController.xib */; };
		FC60704728C7E8BB00424A33 /* Roboto-Black.ttf in Resources */ = {isa = PBXBuildFile; fileRef = FC60704628C7E8BB00424A33 /* Roboto-Black.ttf */; };
		FC70D07E28DCBF0C00B9B65A /* ArtistNearCollectionViewCell.swift in Sources */ = {isa = PBXBuildFile; fileRef = FC70D07C28DCBF0C00B9B65A /* ArtistNearCollectionViewCell.swift */; };
		FC70D07F28DCBF0C00B9B65A /* ArtistNearCollectionViewCell.xib in Resources */ = {isa = PBXBuildFile; fileRef = FC70D07D28DCBF0C00B9B65A /* ArtistNearCollectionViewCell.xib */; };
		FC70D08328DCE0B800B9B65A /* CoCreationCollectionViewCell.swift in Sources */ = {isa = PBXBuildFile; fileRef = FC70D08128DCE0B800B9B65A /* CoCreationCollectionViewCell.swift */; };
		FC70D08428DCE0B800B9B65A /* CoCreationCollectionViewCell.xib in Resources */ = {isa = PBXBuildFile; fileRef = FC70D08228DCE0B800B9B65A /* CoCreationCollectionViewCell.xib */; };
		FC70D08828DCECB400B9B65A /* ArtNearCollectionViewCell.swift in Sources */ = {isa = PBXBuildFile; fileRef = FC70D08628DCECB400B9B65A /* ArtNearCollectionViewCell.swift */; };
		FC70D08928DCECB400B9B65A /* ArtNearCollectionViewCell.xib in Resources */ = {isa = PBXBuildFile; fileRef = FC70D08728DCECB400B9B65A /* ArtNearCollectionViewCell.xib */; };
		FC72909E28EDE54700F47E08 /* MessageTableViewCell.swift in Sources */ = {isa = PBXBuildFile; fileRef = FC72909C28EDE54700F47E08 /* MessageTableViewCell.swift */; };
		FC72909F28EDE54700F47E08 /* MessageTableViewCell.xib in Resources */ = {isa = PBXBuildFile; fileRef = FC72909D28EDE54700F47E08 /* MessageTableViewCell.xib */; };
		FC7290A328EE130D00F47E08 /* PortfolioCollectionViewCell.swift in Sources */ = {isa = PBXBuildFile; fileRef = FC7290A128EE130D00F47E08 /* PortfolioCollectionViewCell.swift */; };
		FC7290A428EE130D00F47E08 /* PortfolioCollectionViewCell.xib in Resources */ = {isa = PBXBuildFile; fileRef = FC7290A228EE130D00F47E08 /* PortfolioCollectionViewCell.xib */; };
		FC7290AC28EE181E00F47E08 /* MarketProfileCollectionViewCell.swift in Sources */ = {isa = PBXBuildFile; fileRef = FC7290AA28EE181E00F47E08 /* MarketProfileCollectionViewCell.swift */; };
		FC7290AD28EE181E00F47E08 /* MarketProfileCollectionViewCell.xib in Resources */ = {isa = PBXBuildFile; fileRef = FC7290AB28EE181E00F47E08 /* MarketProfileCollectionViewCell.xib */; };
		FC74B60828E7497A00FC073F /* MyShoppingViewController.swift in Sources */ = {isa = PBXBuildFile; fileRef = FC74B60628E7497A00FC073F /* MyShoppingViewController.swift */; };
		FC74B60928E7497A00FC073F /* MyShoppingViewController.xib in Resources */ = {isa = PBXBuildFile; fileRef = FC74B60728E7497A00FC073F /* MyShoppingViewController.xib */; };
		FC74B60D28E74CCE00FC073F /* ShoppingTableViewCell.swift in Sources */ = {isa = PBXBuildFile; fileRef = FC74B60B28E74CCE00FC073F /* ShoppingTableViewCell.swift */; };
		FC74B60E28E74CCE00FC073F /* ShoppingTableViewCell.xib in Resources */ = {isa = PBXBuildFile; fileRef = FC74B60C28E74CCE00FC073F /* ShoppingTableViewCell.xib */; };
		FC75139C28FB3577009ECB50 /* SellDetailViewController.swift in Sources */ = {isa = PBXBuildFile; fileRef = FC75139A28FB3577009ECB50 /* SellDetailViewController.swift */; };
		FC75139D28FB3577009ECB50 /* SellDetailViewController.xib in Resources */ = {isa = PBXBuildFile; fileRef = FC75139B28FB3577009ECB50 /* SellDetailViewController.xib */; };
		FC75B37528ECAF5500E5AE74 /* DequeuableRegistrable.swift in Sources */ = {isa = PBXBuildFile; fileRef = FC75B37428ECAF5500E5AE74 /* DequeuableRegistrable.swift */; };
		FC8B39CC28CF98CD00A4750F /* animationButtonOff.json in Resources */ = {isa = PBXBuildFile; fileRef = FC8B39CB28CF98CD00A4750F /* animationButtonOff.json */; };
		FC9E719028EF54F7008165DC /* ArteCollectionViewCell.swift in Sources */ = {isa = PBXBuildFile; fileRef = FC9E718E28EF54F7008165DC /* ArteCollectionViewCell.swift */; };
		FC9E719128EF54F7008165DC /* ArteCollectionViewCell.xib in Resources */ = {isa = PBXBuildFile; fileRef = FC9E718F28EF54F7008165DC /* ArteCollectionViewCell.xib */; };
		FC9E719528EF5589008165DC /* SubastaCollectionViewCell.swift in Sources */ = {isa = PBXBuildFile; fileRef = FC9E719328EF5589008165DC /* SubastaCollectionViewCell.swift */; };
		FC9E719628EF5589008165DC /* SubastaCollectionViewCell.xib in Resources */ = {isa = PBXBuildFile; fileRef = FC9E719428EF5589008165DC /* SubastaCollectionViewCell.xib */; };
		FC9E719A28EF55B4008165DC /* RecycleCollectionViewCell.swift in Sources */ = {isa = PBXBuildFile; fileRef = FC9E719828EF55B4008165DC /* RecycleCollectionViewCell.swift */; };
		FC9E719B28EF55B4008165DC /* RecycleCollectionViewCell.xib in Resources */ = {isa = PBXBuildFile; fileRef = FC9E719928EF55B4008165DC /* RecycleCollectionViewCell.xib */; };
		FCA2D1D428E21C9500960950 /* CustomPopUpButton.swift in Sources */ = {isa = PBXBuildFile; fileRef = FCA2D1D328E21C9500960950 /* CustomPopUpButton.swift */; };
		FCA2D1DB28E22C4A00960950 /* MyTabViewController.swift in Sources */ = {isa = PBXBuildFile; fileRef = FCA2D1D928E22C4A00960950 /* MyTabViewController.swift */; };
		FCA2D1DC28E22C4A00960950 /* MyTabViewController.xib in Resources */ = {isa = PBXBuildFile; fileRef = FCA2D1DA28E22C4A00960950 /* MyTabViewController.xib */; };
		FCC03FC528E37BB60016CF57 /* SideMenuViewController.swift in Sources */ = {isa = PBXBuildFile; fileRef = FCC03FC328E37BB60016CF57 /* SideMenuViewController.swift */; };
		FCC03FC628E37BB60016CF57 /* SideMenuViewController.xib in Resources */ = {isa = PBXBuildFile; fileRef = FCC03FC428E37BB60016CF57 /* SideMenuViewController.xib */; };
		FCDC7EF728E20CB000F461DD /* CustomGradientWhiteTransp.swift in Sources */ = {isa = PBXBuildFile; fileRef = FCDC7EF628E20CB000F461DD /* CustomGradientWhiteTransp.swift */; };
		FCE3A81828F734E800E412B5 /* MyCocreationsViewController.swift in Sources */ = {isa = PBXBuildFile; fileRef = FCE3A81628F734E800E412B5 /* MyCocreationsViewController.swift */; };
		FCE3A81928F734E800E412B5 /* MyCocreationsViewController.xib in Resources */ = {isa = PBXBuildFile; fileRef = FCE3A81728F734E800E412B5 /* MyCocreationsViewController.xib */; };
		FCE3A81D28F7358B00E412B5 /* MyCocreationsTableViewCell.swift in Sources */ = {isa = PBXBuildFile; fileRef = FCE3A81B28F7358B00E412B5 /* MyCocreationsTableViewCell.swift */; };
		FCE3A81E28F7358B00E412B5 /* MyCocreationsTableViewCell.xib in Resources */ = {isa = PBXBuildFile; fileRef = FCE3A81C28F7358B00E412B5 /* MyCocreationsTableViewCell.xib */; };
		FCE3A82228F73BB800E412B5 /* MyOwnCocreationViewController.swift in Sources */ = {isa = PBXBuildFile; fileRef = FCE3A82028F73BB800E412B5 /* MyOwnCocreationViewController.swift */; };
		FCE3A82328F73BB800E412B5 /* MyOwnCocreationViewController.xib in Resources */ = {isa = PBXBuildFile; fileRef = FCE3A82128F73BB800E412B5 /* MyOwnCocreationViewController.xib */; };
		FCE3A82728F7453B00E412B5 /* ActivitiesTableViewCell.swift in Sources */ = {isa = PBXBuildFile; fileRef = FCE3A82528F7453B00E412B5 /* ActivitiesTableViewCell.swift */; };
		FCE3A82828F7453B00E412B5 /* ActivitiesTableViewCell.xib in Resources */ = {isa = PBXBuildFile; fileRef = FCE3A82628F7453B00E412B5 /* ActivitiesTableViewCell.xib */; };
		FCEE50CB28D2434300CF9B68 /* CustomViewAnimation.swift in Sources */ = {isa = PBXBuildFile; fileRef = FCEE50CA28D2434300CF9B68 /* CustomViewAnimation.swift */; };
		FCEE50CD28D25CA400CF9B68 /* CustomButtonBorder.swift in Sources */ = {isa = PBXBuildFile; fileRef = FCEE50CC28D25CA400CF9B68 /* CustomButtonBorder.swift */; };
		FCEE50CF28D25F0800CF9B68 /* CustomViewGradient.swift in Sources */ = {isa = PBXBuildFile; fileRef = FCEE50CE28D25F0700CF9B68 /* CustomViewGradient.swift */; };
		FCF989B228F861CB003CD299 /* CommentsTableViewCell.swift in Sources */ = {isa = PBXBuildFile; fileRef = FCF989B028F861CB003CD299 /* CommentsTableViewCell.swift */; };
		FCF989B328F861CB003CD299 /* CommentsTableViewCell.xib in Resources */ = {isa = PBXBuildFile; fileRef = FCF989B128F861CB003CD299 /* CommentsTableViewCell.xib */; };
		FCF989B628F861F4003CD299 /* ToggleCommentsTableViewCell.swift in Sources */ = {isa = PBXBuildFile; fileRef = FCF989B428F861F4003CD299 /* ToggleCommentsTableViewCell.swift */; };
		FCF989B728F861F4003CD299 /* ToggleCommentsTableViewCell.xib in Resources */ = {isa = PBXBuildFile; fileRef = FCF989B528F861F4003CD299 /* ToggleCommentsTableViewCell.xib */; };
		FCF989BB28F87698003CD299 /* CocreationGalleryCollectionViewCell.swift in Sources */ = {isa = PBXBuildFile; fileRef = FCF989B928F87698003CD299 /* CocreationGalleryCollectionViewCell.swift */; };
		FCF989BC28F87698003CD299 /* CocreationGalleryCollectionViewCell.xib in Resources */ = {isa = PBXBuildFile; fileRef = FCF989BA28F87698003CD299 /* CocreationGalleryCollectionViewCell.xib */; };
		FCF989C128F883E2003CD299 /* ParticipantsViewController.swift in Sources */ = {isa = PBXBuildFile; fileRef = FCF989BF28F883E2003CD299 /* ParticipantsViewController.swift */; };
		FCF989C228F883E2003CD299 /* ParticipantsViewController.xib in Resources */ = {isa = PBXBuildFile; fileRef = FCF989C028F883E2003CD299 /* ParticipantsViewController.xib */; };
		FCF989CA28F8866A003CD299 /* ParticipantsTableViewCell.swift in Sources */ = {isa = PBXBuildFile; fileRef = FCF989C828F8866A003CD299 /* ParticipantsTableViewCell.swift */; };
		FCF989CB28F8866B003CD299 /* ParticipantsTableViewCell.xib in Resources */ = {isa = PBXBuildFile; fileRef = FCF989C928F8866A003CD299 /* ParticipantsTableViewCell.xib */; };
		FCF989DB28F88CA4003CD299 /* RequestsViewController.swift in Sources */ = {isa = PBXBuildFile; fileRef = FCF989D928F88CA4003CD299 /* RequestsViewController.swift */; };
		FCF989DC28F88CA4003CD299 /* RequestsViewController.xib in Resources */ = {isa = PBXBuildFile; fileRef = FCF989DA28F88CA4003CD299 /* RequestsViewController.xib */; };
/* End PBXBuildFile section */

/* Begin PBXFileReference section */
		3E1457A6C6709C3277742006 /* Pods-artppl.debug.xcconfig */ = {isa = PBXFileReference; includeInIndex = 1; lastKnownFileType = text.xcconfig; name = "Pods-artppl.debug.xcconfig"; path = "Target Support Files/Pods-artppl/Pods-artppl.debug.xcconfig"; sourceTree = "<group>"; };
		96F1CF4AB099FB21E5A2515A /* Pods_artppl.framework */ = {isa = PBXFileReference; explicitFileType = wrapper.framework; includeInIndex = 0; path = Pods_artppl.framework; sourceTree = BUILT_PRODUCTS_DIR; };
		A78B62642C57E15A5F63DA57 /* Pods-artppl.release.xcconfig */ = {isa = PBXFileReference; includeInIndex = 1; lastKnownFileType = text.xcconfig; name = "Pods-artppl.release.xcconfig"; path = "Target Support Files/Pods-artppl/Pods-artppl.release.xcconfig"; sourceTree = "<group>"; };
		FC02361428D37CBD00D75E27 /* CustomButtonGradient.swift */ = {isa = PBXFileReference; lastKnownFileType = sourcecode.swift; path = CustomButtonGradient.swift; sourceTree = "<group>"; };
		FC03123428F9B5F000C254E0 /* ChatViewController.swift */ = {isa = PBXFileReference; lastKnownFileType = sourcecode.swift; path = ChatViewController.swift; sourceTree = "<group>"; };
		FC03123528F9B5F000C254E0 /* ChatViewController.xib */ = {isa = PBXFileReference; lastKnownFileType = file.xib; path = ChatViewController.xib; sourceTree = "<group>"; };
		FC03123B28F9E86300C254E0 /* ReceiverTableViewCell.swift */ = {isa = PBXFileReference; lastKnownFileType = sourcecode.swift; path = ReceiverTableViewCell.swift; sourceTree = "<group>"; };
		FC03123C28F9E86300C254E0 /* ReceiverTableViewCell.xib */ = {isa = PBXFileReference; lastKnownFileType = file.xib; path = ReceiverTableViewCell.xib; sourceTree = "<group>"; };
		FC03123F28F9E88D00C254E0 /* SenderTableViewCell.swift */ = {isa = PBXFileReference; lastKnownFileType = sourcecode.swift; path = SenderTableViewCell.swift; sourceTree = "<group>"; };
		FC03124028F9E88D00C254E0 /* SenderTableViewCell.xib */ = {isa = PBXFileReference; lastKnownFileType = file.xib; path = SenderTableViewCell.xib; sourceTree = "<group>"; };
		FC03124428F9F8B200C254E0 /* MySellsViewController.swift */ = {isa = PBXFileReference; lastKnownFileType = sourcecode.swift; path = MySellsViewController.swift; sourceTree = "<group>"; };
		FC03124528F9F8B200C254E0 /* MySellsViewController.xib */ = {isa = PBXFileReference; lastKnownFileType = file.xib; path = MySellsViewController.xib; sourceTree = "<group>"; };
		FC03124928F9F94800C254E0 /* SellTableViewCell.swift */ = {isa = PBXFileReference; lastKnownFileType = sourcecode.swift; path = SellTableViewCell.swift; sourceTree = "<group>"; };
		FC03124A28F9F94800C254E0 /* SellTableViewCell.xib */ = {isa = PBXFileReference; lastKnownFileType = file.xib; path = SellTableViewCell.xib; sourceTree = "<group>"; };
		FC06770E28F897BD0058144A /* RequestsTableViewCell.swift */ = {isa = PBXFileReference; lastKnownFileType = sourcecode.swift; path = RequestsTableViewCell.swift; sourceTree = "<group>"; };
		FC06770F28F897BD0058144A /* RequestsTableViewCell.xib */ = {isa = PBXFileReference; lastKnownFileType = file.xib; path = RequestsTableViewCell.xib; sourceTree = "<group>"; };
		FC11884628CA7FDC00D9972A /* PersonalTastesViewController.swift */ = {isa = PBXFileReference; lastKnownFileType = sourcecode.swift; path = PersonalTastesViewController.swift; sourceTree = "<group>"; };
		FC11884A28CA81C500D9972A /* Montserrat-Black.ttf */ = {isa = PBXFileReference; lastKnownFileType = file; path = "Montserrat-Black.ttf"; sourceTree = "<group>"; };
		FC12B83F28E6183200BF91D1 /* ArtisticWorkViewController.swift */ = {isa = PBXFileReference; lastKnownFileType = sourcecode.swift; path = ArtisticWorkViewController.swift; sourceTree = "<group>"; };
		FC12B84028E6183200BF91D1 /* ArtisticWorkViewController.xib */ = {isa = PBXFileReference; lastKnownFileType = file.xib; path = ArtisticWorkViewController.xib; sourceTree = "<group>"; };
		FC133E5328DA2B5000216014 /* MarketCollectionViewCell.swift */ = {isa = PBXFileReference; lastKnownFileType = sourcecode.swift; path = MarketCollectionViewCell.swift; sourceTree = "<group>"; };
		FC133E5428DA2B5000216014 /* MarketCollectionViewCell.xib */ = {isa = PBXFileReference; lastKnownFileType = file.xib; path = MarketCollectionViewCell.xib; sourceTree = "<group>"; };
		FC226ADA28DE139800621699 /* AddNewViewController.swift */ = {isa = PBXFileReference; lastKnownFileType = sourcecode.swift; path = AddNewViewController.swift; sourceTree = "<group>"; };
		FC226ADB28DE139800621699 /* AddNewViewController.xib */ = {isa = PBXFileReference; lastKnownFileType = file.xib; path = AddNewViewController.xib; sourceTree = "<group>"; };
		FC39BDA428F5C6CF004779A8 /* MarketItemViewController.swift */ = {isa = PBXFileReference; lastKnownFileType = sourcecode.swift; path = MarketItemViewController.swift; sourceTree = "<group>"; };
		FC39BDA528F5C6CF004779A8 /* MarketItemViewController.xib */ = {isa = PBXFileReference; lastKnownFileType = file.xib; path = MarketItemViewController.xib; sourceTree = "<group>"; };
		FC39BDA828F5CCCF004779A8 /* CustomFilledButton.swift */ = {isa = PBXFileReference; lastKnownFileType = sourcecode.swift; path = CustomFilledButton.swift; sourceTree = "<group>"; };
		FC39BDAF28F5E8C3004779A8 /* SpecItemTableViewCell.swift */ = {isa = PBXFileReference; lastKnownFileType = sourcecode.swift; path = SpecItemTableViewCell.swift; sourceTree = "<group>"; };
		FC39BDB028F5E8C3004779A8 /* SpecItemTableViewCell.xib */ = {isa = PBXFileReference; lastKnownFileType = file.xib; path = SpecItemTableViewCell.xib; sourceTree = "<group>"; };
		FC39BDB428F5EE42004779A8 /* MainItemTableViewCell.swift */ = {isa = PBXFileReference; lastKnownFileType = sourcecode.swift; path = MainItemTableViewCell.swift; sourceTree = "<group>"; };
		FC39BDB528F5EE42004779A8 /* MainItemTableViewCell.xib */ = {isa = PBXFileReference; lastKnownFileType = file.xib; path = MainItemTableViewCell.xib; sourceTree = "<group>"; };
		FC3A1C3028E4C34D00FA3056 /* SupportViewController.swift */ = {isa = PBXFileReference; lastKnownFileType = sourcecode.swift; path = SupportViewController.swift; sourceTree = "<group>"; };
		FC3A1C3128E4C34D00FA3056 /* SupportViewController.xib */ = {isa = PBXFileReference; lastKnownFileType = file.xib; path = SupportViewController.xib; sourceTree = "<group>"; };
		FC44002628D4CA7600818FE8 /* GradientAnimationButton.swift */ = {isa = PBXFileReference; lastKnownFileType = sourcecode.swift; path = GradientAnimationButton.swift; sourceTree = "<group>"; };
		FC44002828D4E44C00818FE8 /* NewCategorieViewController.swift */ = {isa = PBXFileReference; lastKnownFileType = sourcecode.swift; path = NewCategorieViewController.swift; sourceTree = "<group>"; };
		FC44002928D4E44C00818FE8 /* NewCategorieViewController.xib */ = {isa = PBXFileReference; lastKnownFileType = file.xib; path = NewCategorieViewController.xib; sourceTree = "<group>"; };
		FC44239C28D89FC900803C9A /* PersonalTastesViewController.xib */ = {isa = PBXFileReference; fileEncoding = 4; lastKnownFileType = file.xib; path = PersonalTastesViewController.xib; sourceTree = "<group>"; };
		FC44239E28D89FF200803C9A /* ProfileSelectorViewController.xib */ = {isa = PBXFileReference; fileEncoding = 4; lastKnownFileType = file.xib; path = ProfileSelectorViewController.xib; sourceTree = "<group>"; };
		FC4423A328D8BCAD00803C9A /* HomeViewController.swift */ = {isa = PBXFileReference; lastKnownFileType = sourcecode.swift; path = HomeViewController.swift; sourceTree = "<group>"; };
		FC4423A428D8BCAD00803C9A /* HomeViewController.xib */ = {isa = PBXFileReference; lastKnownFileType = file.xib; path = HomeViewController.xib; sourceTree = "<group>"; };
		FC4423A728D8C36000803C9A /* Assets.xcassets */ = {isa = PBXFileReference; lastKnownFileType = folder.assetcatalog; path = Assets.xcassets; sourceTree = "<group>"; };
		FC4423AA28D8E67500803C9A /* MarketViewController.swift */ = {isa = PBXFileReference; lastKnownFileType = sourcecode.swift; path = MarketViewController.swift; sourceTree = "<group>"; };
		FC4423AB28D8E67500803C9A /* MarketViewController.xib */ = {isa = PBXFileReference; lastKnownFileType = file.xib; path = MarketViewController.xib; sourceTree = "<group>"; };
		FC4423AF28D8E69C00803C9A /* MessaggesViewController.swift */ = {isa = PBXFileReference; lastKnownFileType = sourcecode.swift; path = MessaggesViewController.swift; sourceTree = "<group>"; };
		FC4423B028D8E69C00803C9A /* MessaggesViewController.xib */ = {isa = PBXFileReference; lastKnownFileType = file.xib; path = MessaggesViewController.xib; sourceTree = "<group>"; };
		FC4423B428D8E6D700803C9A /* ProfileViewController.swift */ = {isa = PBXFileReference; lastKnownFileType = sourcecode.swift; path = ProfileViewController.swift; sourceTree = "<group>"; };
		FC4423B528D8E6D700803C9A /* ProfileViewController.xib */ = {isa = PBXFileReference; lastKnownFileType = file.xib; path = ProfileViewController.xib; sourceTree = "<group>"; };
		FC4A74C428F70D43007F5970 /* CocreationViewController.swift */ = {isa = PBXFileReference; lastKnownFileType = sourcecode.swift; path = CocreationViewController.swift; sourceTree = "<group>"; };
		FC4A74C528F70D43007F5970 /* CocreationViewController.xib */ = {isa = PBXFileReference; lastKnownFileType = file.xib; path = CocreationViewController.xib; sourceTree = "<group>"; };
		FC4A74C828F71A21007F5970 /* CustomButtonBorderNegative.swift */ = {isa = PBXFileReference; lastKnownFileType = sourcecode.swift; path = CustomButtonBorderNegative.swift; sourceTree = "<group>"; };
		FC4A74CB28F720C0007F5970 /* CocreationRequestViewController.swift */ = {isa = PBXFileReference; lastKnownFileType = sourcecode.swift; path = CocreationRequestViewController.swift; sourceTree = "<group>"; };
		FC4A74CC28F720C0007F5970 /* CocreationRequestViewController.xib */ = {isa = PBXFileReference; lastKnownFileType = file.xib; path = CocreationRequestViewController.xib; sourceTree = "<group>"; };
		FC5313F728CBDC5700C7ACA6 /* animationButton.json */ = {isa = PBXFileReference; fileEncoding = 4; lastKnownFileType = text.json; path = animationButton.json; sourceTree = "<group>"; };
		FC58B06B28C8F5E100A66B78 /* LoginViewController.swift */ = {isa = PBXFileReference; lastKnownFileType = sourcecode.swift; path = LoginViewController.swift; sourceTree = "<group>"; };
		FC58B06C28C8F5E100A66B78 /* LoginViewController.xib */ = {isa = PBXFileReference; lastKnownFileType = file.xib; path = LoginViewController.xib; sourceTree = "<group>"; };
		FC58B06F28C8F96400A66B78 /* Montserrat-Medium.ttf */ = {isa = PBXFileReference; lastKnownFileType = file; path = "Montserrat-Medium.ttf"; sourceTree = "<group>"; };
		FC58B07128C8FC4E00A66B78 /* Montserrat-Regular.ttf */ = {isa = PBXFileReference; lastKnownFileType = file; path = "Montserrat-Regular.ttf"; sourceTree = "<group>"; };
		FC58B07328C9037000A66B78 /* Montserrat-Bold.ttf */ = {isa = PBXFileReference; lastKnownFileType = file; path = "Montserrat-Bold.ttf"; sourceTree = "<group>"; };
		FC58B07628C91C1E00A66B78 /* StyleFunctions.swift */ = {isa = PBXFileReference; lastKnownFileType = sourcecode.swift; path = StyleFunctions.swift; sourceTree = "<group>"; };
		FC58B07828C91FF800A66B78 /* RegisterViewController.swift */ = {isa = PBXFileReference; lastKnownFileType = sourcecode.swift; path = RegisterViewController.swift; sourceTree = "<group>"; };
		FC58B07928C91FF800A66B78 /* RegisterViewController.xib */ = {isa = PBXFileReference; lastKnownFileType = file.xib; path = RegisterViewController.xib; sourceTree = "<group>"; };
		FC58B07C28C92F8C00A66B78 /* ProfileSelectorViewController.swift */ = {isa = PBXFileReference; lastKnownFileType = sourcecode.swift; path = ProfileSelectorViewController.swift; sourceTree = "<group>"; };
		FC60702928C7D3F000424A33 /* artppl.app */ = {isa = PBXFileReference; explicitFileType = wrapper.application; includeInIndex = 0; path = artppl.app; sourceTree = BUILT_PRODUCTS_DIR; };
		FC60702C28C7D3F000424A33 /* AppDelegate.swift */ = {isa = PBXFileReference; lastKnownFileType = sourcecode.swift; path = AppDelegate.swift; sourceTree = "<group>"; };
		FC60702E28C7D3F000424A33 /* SceneDelegate.swift */ = {isa = PBXFileReference; lastKnownFileType = sourcecode.swift; path = SceneDelegate.swift; sourceTree = "<group>"; };
		FC60703028C7D3F000424A33 /* ViewController.swift */ = {isa = PBXFileReference; lastKnownFileType = sourcecode.swift; path = ViewController.swift; sourceTree = "<group>"; };
		FC60703328C7D3F000424A33 /* Base */ = {isa = PBXFileReference; lastKnownFileType = file.storyboard; name = Base; path = Base.lproj/Main.storyboard; sourceTree = "<group>"; };
		FC60703828C7D3F400424A33 /* Base */ = {isa = PBXFileReference; lastKnownFileType = file.storyboard; name = Base; path = Base.lproj/LaunchScreen.storyboard; sourceTree = "<group>"; };
		FC60703A28C7D3F400424A33 /* Info.plist */ = {isa = PBXFileReference; lastKnownFileType = text.plist.xml; path = Info.plist; sourceTree = "<group>"; };
		FC60704128C7E09200424A33 /* WelcomeSliderViewController.swift */ = {isa = PBXFileReference; lastKnownFileType = sourcecode.swift; path = WelcomeSliderViewController.swift; sourceTree = "<group>"; };
		FC60704228C7E09200424A33 /* WelcomeSliderViewController.xib */ = {isa = PBXFileReference; lastKnownFileType = file.xib; path = WelcomeSliderViewController.xib; sourceTree = "<group>"; };
		FC60704628C7E8BB00424A33 /* Roboto-Black.ttf */ = {isa = PBXFileReference; lastKnownFileType = file; path = "Roboto-Black.ttf"; sourceTree = "<group>"; };
		FC70D07C28DCBF0C00B9B65A /* ArtistNearCollectionViewCell.swift */ = {isa = PBXFileReference; lastKnownFileType = sourcecode.swift; path = ArtistNearCollectionViewCell.swift; sourceTree = "<group>"; };
		FC70D07D28DCBF0C00B9B65A /* ArtistNearCollectionViewCell.xib */ = {isa = PBXFileReference; lastKnownFileType = file.xib; path = ArtistNearCollectionViewCell.xib; sourceTree = "<group>"; };
		FC70D08128DCE0B800B9B65A /* CoCreationCollectionViewCell.swift */ = {isa = PBXFileReference; lastKnownFileType = sourcecode.swift; path = CoCreationCollectionViewCell.swift; sourceTree = "<group>"; };
		FC70D08228DCE0B800B9B65A /* CoCreationCollectionViewCell.xib */ = {isa = PBXFileReference; lastKnownFileType = file.xib; path = CoCreationCollectionViewCell.xib; sourceTree = "<group>"; };
		FC70D08628DCECB400B9B65A /* ArtNearCollectionViewCell.swift */ = {isa = PBXFileReference; lastKnownFileType = sourcecode.swift; path = ArtNearCollectionViewCell.swift; sourceTree = "<group>"; };
		FC70D08728DCECB400B9B65A /* ArtNearCollectionViewCell.xib */ = {isa = PBXFileReference; lastKnownFileType = file.xib; path = ArtNearCollectionViewCell.xib; sourceTree = "<group>"; };
		FC72909C28EDE54700F47E08 /* MessageTableViewCell.swift */ = {isa = PBXFileReference; lastKnownFileType = sourcecode.swift; path = MessageTableViewCell.swift; sourceTree = "<group>"; };
		FC72909D28EDE54700F47E08 /* MessageTableViewCell.xib */ = {isa = PBXFileReference; lastKnownFileType = file.xib; path = MessageTableViewCell.xib; sourceTree = "<group>"; };
		FC7290A128EE130D00F47E08 /* PortfolioCollectionViewCell.swift */ = {isa = PBXFileReference; lastKnownFileType = sourcecode.swift; path = PortfolioCollectionViewCell.swift; sourceTree = "<group>"; };
		FC7290A228EE130D00F47E08 /* PortfolioCollectionViewCell.xib */ = {isa = PBXFileReference; lastKnownFileType = file.xib; path = PortfolioCollectionViewCell.xib; sourceTree = "<group>"; };
		FC7290AA28EE181E00F47E08 /* MarketProfileCollectionViewCell.swift */ = {isa = PBXFileReference; lastKnownFileType = sourcecode.swift; path = MarketProfileCollectionViewCell.swift; sourceTree = "<group>"; };
		FC7290AB28EE181E00F47E08 /* MarketProfileCollectionViewCell.xib */ = {isa = PBXFileReference; lastKnownFileType = file.xib; path = MarketProfileCollectionViewCell.xib; sourceTree = "<group>"; };
		FC74B60628E7497A00FC073F /* MyShoppingViewController.swift */ = {isa = PBXFileReference; lastKnownFileType = sourcecode.swift; path = MyShoppingViewController.swift; sourceTree = "<group>"; };
		FC74B60728E7497A00FC073F /* MyShoppingViewController.xib */ = {isa = PBXFileReference; lastKnownFileType = file.xib; path = MyShoppingViewController.xib; sourceTree = "<group>"; };
		FC74B60B28E74CCE00FC073F /* ShoppingTableViewCell.swift */ = {isa = PBXFileReference; lastKnownFileType = sourcecode.swift; path = ShoppingTableViewCell.swift; sourceTree = "<group>"; };
		FC74B60C28E74CCE00FC073F /* ShoppingTableViewCell.xib */ = {isa = PBXFileReference; lastKnownFileType = file.xib; path = ShoppingTableViewCell.xib; sourceTree = "<group>"; };
		FC75139A28FB3577009ECB50 /* SellDetailViewController.swift */ = {isa = PBXFileReference; lastKnownFileType = sourcecode.swift; path = SellDetailViewController.swift; sourceTree = "<group>"; };
		FC75139B28FB3577009ECB50 /* SellDetailViewController.xib */ = {isa = PBXFileReference; lastKnownFileType = file.xib; path = SellDetailViewController.xib; sourceTree = "<group>"; };
		FC75B37428ECAF5500E5AE74 /* DequeuableRegistrable.swift */ = {isa = PBXFileReference; lastKnownFileType = sourcecode.swift; path = DequeuableRegistrable.swift; sourceTree = "<group>"; };
		FC8B39CB28CF98CD00A4750F /* animationButtonOff.json */ = {isa = PBXFileReference; fileEncoding = 4; lastKnownFileType = text.json; path = animationButtonOff.json; sourceTree = "<group>"; };
		FC9E718E28EF54F7008165DC /* ArteCollectionViewCell.swift */ = {isa = PBXFileReference; lastKnownFileType = sourcecode.swift; path = ArteCollectionViewCell.swift; sourceTree = "<group>"; };
		FC9E718F28EF54F7008165DC /* ArteCollectionViewCell.xib */ = {isa = PBXFileReference; lastKnownFileType = file.xib; path = ArteCollectionViewCell.xib; sourceTree = "<group>"; };
		FC9E719328EF5589008165DC /* SubastaCollectionViewCell.swift */ = {isa = PBXFileReference; lastKnownFileType = sourcecode.swift; path = SubastaCollectionViewCell.swift; sourceTree = "<group>"; };
		FC9E719428EF5589008165DC /* SubastaCollectionViewCell.xib */ = {isa = PBXFileReference; lastKnownFileType = file.xib; path = SubastaCollectionViewCell.xib; sourceTree = "<group>"; };
		FC9E719828EF55B4008165DC /* RecycleCollectionViewCell.swift */ = {isa = PBXFileReference; lastKnownFileType = sourcecode.swift; path = RecycleCollectionViewCell.swift; sourceTree = "<group>"; };
		FC9E719928EF55B4008165DC /* RecycleCollectionViewCell.xib */ = {isa = PBXFileReference; lastKnownFileType = file.xib; path = RecycleCollectionViewCell.xib; sourceTree = "<group>"; };
		FCA2D1D328E21C9500960950 /* CustomPopUpButton.swift */ = {isa = PBXFileReference; lastKnownFileType = sourcecode.swift; path = CustomPopUpButton.swift; sourceTree = "<group>"; };
		FCA2D1D928E22C4A00960950 /* MyTabViewController.swift */ = {isa = PBXFileReference; fileEncoding = 4; lastKnownFileType = sourcecode.swift; path = MyTabViewController.swift; sourceTree = "<group>"; };
		FCA2D1DA28E22C4A00960950 /* MyTabViewController.xib */ = {isa = PBXFileReference; fileEncoding = 4; lastKnownFileType = file.xib; path = MyTabViewController.xib; sourceTree = "<group>"; };
		FCC03FC328E37BB60016CF57 /* SideMenuViewController.swift */ = {isa = PBXFileReference; lastKnownFileType = sourcecode.swift; path = SideMenuViewController.swift; sourceTree = "<group>"; };
		FCC03FC428E37BB60016CF57 /* SideMenuViewController.xib */ = {isa = PBXFileReference; lastKnownFileType = file.xib; path = SideMenuViewController.xib; sourceTree = "<group>"; };
		FCDC7EF628E20CB000F461DD /* CustomGradientWhiteTransp.swift */ = {isa = PBXFileReference; lastKnownFileType = sourcecode.swift; path = CustomGradientWhiteTransp.swift; sourceTree = "<group>"; };
		FCE3A81628F734E800E412B5 /* MyCocreationsViewController.swift */ = {isa = PBXFileReference; lastKnownFileType = sourcecode.swift; path = MyCocreationsViewController.swift; sourceTree = "<group>"; };
		FCE3A81728F734E800E412B5 /* MyCocreationsViewController.xib */ = {isa = PBXFileReference; lastKnownFileType = file.xib; path = MyCocreationsViewController.xib; sourceTree = "<group>"; };
		FCE3A81B28F7358B00E412B5 /* MyCocreationsTableViewCell.swift */ = {isa = PBXFileReference; lastKnownFileType = sourcecode.swift; path = MyCocreationsTableViewCell.swift; sourceTree = "<group>"; };
		FCE3A81C28F7358B00E412B5 /* MyCocreationsTableViewCell.xib */ = {isa = PBXFileReference; lastKnownFileType = file.xib; path = MyCocreationsTableViewCell.xib; sourceTree = "<group>"; };
		FCE3A82028F73BB800E412B5 /* MyOwnCocreationViewController.swift */ = {isa = PBXFileReference; lastKnownFileType = sourcecode.swift; path = MyOwnCocreationViewController.swift; sourceTree = "<group>"; };
		FCE3A82128F73BB800E412B5 /* MyOwnCocreationViewController.xib */ = {isa = PBXFileReference; lastKnownFileType = file.xib; path = MyOwnCocreationViewController.xib; sourceTree = "<group>"; };
		FCE3A82528F7453B00E412B5 /* ActivitiesTableViewCell.swift */ = {isa = PBXFileReference; lastKnownFileType = sourcecode.swift; path = ActivitiesTableViewCell.swift; sourceTree = "<group>"; };
		FCE3A82628F7453B00E412B5 /* ActivitiesTableViewCell.xib */ = {isa = PBXFileReference; lastKnownFileType = file.xib; path = ActivitiesTableViewCell.xib; sourceTree = "<group>"; };
		FCEE50CA28D2434300CF9B68 /* CustomViewAnimation.swift */ = {isa = PBXFileReference; lastKnownFileType = sourcecode.swift; path = CustomViewAnimation.swift; sourceTree = "<group>"; };
		FCEE50CC28D25CA400CF9B68 /* CustomButtonBorder.swift */ = {isa = PBXFileReference; lastKnownFileType = sourcecode.swift; path = CustomButtonBorder.swift; sourceTree = "<group>"; };
		FCEE50CE28D25F0700CF9B68 /* CustomViewGradient.swift */ = {isa = PBXFileReference; lastKnownFileType = sourcecode.swift; path = CustomViewGradient.swift; sourceTree = "<group>"; };
		FCF989B028F861CB003CD299 /* CommentsTableViewCell.swift */ = {isa = PBXFileReference; lastKnownFileType = sourcecode.swift; path = CommentsTableViewCell.swift; sourceTree = "<group>"; };
		FCF989B128F861CB003CD299 /* CommentsTableViewCell.xib */ = {isa = PBXFileReference; lastKnownFileType = file.xib; path = CommentsTableViewCell.xib; sourceTree = "<group>"; };
		FCF989B428F861F4003CD299 /* ToggleCommentsTableViewCell.swift */ = {isa = PBXFileReference; lastKnownFileType = sourcecode.swift; path = ToggleCommentsTableViewCell.swift; sourceTree = "<group>"; };
		FCF989B528F861F4003CD299 /* ToggleCommentsTableViewCell.xib */ = {isa = PBXFileReference; lastKnownFileType = file.xib; path = ToggleCommentsTableViewCell.xib; sourceTree = "<group>"; };
		FCF989B928F87698003CD299 /* CocreationGalleryCollectionViewCell.swift */ = {isa = PBXFileReference; lastKnownFileType = sourcecode.swift; path = CocreationGalleryCollectionViewCell.swift; sourceTree = "<group>"; };
		FCF989BA28F87698003CD299 /* CocreationGalleryCollectionViewCell.xib */ = {isa = PBXFileReference; lastKnownFileType = file.xib; path = CocreationGalleryCollectionViewCell.xib; sourceTree = "<group>"; };
		FCF989BF28F883E2003CD299 /* ParticipantsViewController.swift */ = {isa = PBXFileReference; lastKnownFileType = sourcecode.swift; path = ParticipantsViewController.swift; sourceTree = "<group>"; };
		FCF989C028F883E2003CD299 /* ParticipantsViewController.xib */ = {isa = PBXFileReference; lastKnownFileType = file.xib; path = ParticipantsViewController.xib; sourceTree = "<group>"; };
		FCF989C828F8866A003CD299 /* ParticipantsTableViewCell.swift */ = {isa = PBXFileReference; lastKnownFileType = sourcecode.swift; path = ParticipantsTableViewCell.swift; sourceTree = "<group>"; };
		FCF989C928F8866A003CD299 /* ParticipantsTableViewCell.xib */ = {isa = PBXFileReference; lastKnownFileType = file.xib; path = ParticipantsTableViewCell.xib; sourceTree = "<group>"; };
		FCF989D928F88CA4003CD299 /* RequestsViewController.swift */ = {isa = PBXFileReference; lastKnownFileType = sourcecode.swift; path = RequestsViewController.swift; sourceTree = "<group>"; };
		FCF989DA28F88CA4003CD299 /* RequestsViewController.xib */ = {isa = PBXFileReference; lastKnownFileType = file.xib; path = RequestsViewController.xib; sourceTree = "<group>"; };
/* End PBXFileReference section */

/* Begin PBXFrameworksBuildPhase section */
		FC60702628C7D3F000424A33 /* Frameworks */ = {
			isa = PBXFrameworksBuildPhase;
			buildActionMask = 2147483647;
			files = (
				E8562500D779A4C9A4171CBC /* Pods_artppl.framework in Frameworks */,
			);
			runOnlyForDeploymentPostprocessing = 0;
		};
/* End PBXFrameworksBuildPhase section */

/* Begin PBXGroup section */
		2800E060E384F11ADC8F49C8 /* Pods */ = {
			isa = PBXGroup;
			children = (
				3E1457A6C6709C3277742006 /* Pods-artppl.debug.xcconfig */,
				A78B62642C57E15A5F63DA57 /* Pods-artppl.release.xcconfig */,
			);
			path = Pods;
			sourceTree = "<group>";
		};
		FA56FC99DDFE97AE952A2167 /* Frameworks */ = {
			isa = PBXGroup;
			children = (
				96F1CF4AB099FB21E5A2515A /* Pods_artppl.framework */,
			);
			name = Frameworks;
			sourceTree = "<group>";
		};
		FC03123328F9B5BE00C254E0 /* ChatViewController */ = {
			isa = PBXGroup;
			children = (
				FC03123928F9E7DD00C254E0 /* ReceiverCell */,
				FC03123828F9E7D300C254E0 /* SenderCell */,
				FC03123428F9B5F000C254E0 /* ChatViewController.swift */,
				FC03123528F9B5F000C254E0 /* ChatViewController.xib */,
			);
			path = ChatViewController;
			sourceTree = "<group>";
		};
		FC03123828F9E7D300C254E0 /* SenderCell */ = {
			isa = PBXGroup;
			children = (
				FC03123F28F9E88D00C254E0 /* SenderTableViewCell.swift */,
				FC03124028F9E88D00C254E0 /* SenderTableViewCell.xib */,
			);
			path = SenderCell;
			sourceTree = "<group>";
		};
		FC03123928F9E7DD00C254E0 /* ReceiverCell */ = {
			isa = PBXGroup;
			children = (
				FC03123B28F9E86300C254E0 /* ReceiverTableViewCell.swift */,
				FC03123C28F9E86300C254E0 /* ReceiverTableViewCell.xib */,
			);
			path = ReceiverCell;
			sourceTree = "<group>";
		};
		FC03124328F9F87F00C254E0 /* MySells */ = {
			isa = PBXGroup;
			children = (
				FC75139928FB355A009ECB50 /* SellDetail */,
				FC03124828F9F92B00C254E0 /* SellsCell */,
				FC03124428F9F8B200C254E0 /* MySellsViewController.swift */,
				FC03124528F9F8B200C254E0 /* MySellsViewController.xib */,
			);
			path = MySells;
			sourceTree = "<group>";
		};
		FC03124828F9F92B00C254E0 /* SellsCell */ = {
			isa = PBXGroup;
			children = (
				FC03124928F9F94800C254E0 /* SellTableViewCell.swift */,
				FC03124A28F9F94800C254E0 /* SellTableViewCell.xib */,
			);
			path = SellsCell;
			sourceTree = "<group>";
		};
		FC12B83E28E6181400BF91D1 /* artisticWork */ = {
			isa = PBXGroup;
			children = (
				FC12B83F28E6183200BF91D1 /* ArtisticWorkViewController.swift */,
				FC12B84028E6183200BF91D1 /* ArtisticWorkViewController.xib */,
			);
			path = artisticWork;
			sourceTree = "<group>";
		};
		FC133E5228DA2A5A00216014 /* MarketCollectionCell */ = {
			isa = PBXGroup;
			children = (
				FC133E5328DA2B5000216014 /* MarketCollectionViewCell.swift */,
				FC133E5428DA2B5000216014 /* MarketCollectionViewCell.xib */,
			);
			path = MarketCollectionCell;
			sourceTree = "<group>";
		};
		FC226AD928DE137A00621699 /* AddNew */ = {
			isa = PBXGroup;
			children = (
				FC226ADA28DE139800621699 /* AddNewViewController.swift */,
				FC226ADB28DE139800621699 /* AddNewViewController.xib */,
			);
			path = AddNew;
			sourceTree = "<group>";
		};
		FC39BDA228F5C68A004779A8 /* CarrouselItems */ = {
			isa = PBXGroup;
			children = (
				FC4A74C328F70D11007F5970 /* CocreationItems */,
				FC39BDA328F5C698004779A8 /* MarketItems */,
			);
			path = CarrouselItems;
			sourceTree = "<group>";
		};
		FC39BDA328F5C698004779A8 /* MarketItems */ = {
			isa = PBXGroup;
			children = (
				FC39BDB328F5EE1C004779A8 /* MainDropDownTableCell */,
				FC39BDAA28F5E555004779A8 /* specsCells */,
				FC39BDA428F5C6CF004779A8 /* MarketItemViewController.swift */,
				FC39BDA528F5C6CF004779A8 /* MarketItemViewController.xib */,
			);
			path = MarketItems;
			sourceTree = "<group>";
		};
		FC39BDAA28F5E555004779A8 /* specsCells */ = {
			isa = PBXGroup;
			children = (
				FC39BDAF28F5E8C3004779A8 /* SpecItemTableViewCell.swift */,
				FC39BDB028F5E8C3004779A8 /* SpecItemTableViewCell.xib */,
			);
			path = specsCells;
			sourceTree = "<group>";
		};
		FC39BDB328F5EE1C004779A8 /* MainDropDownTableCell */ = {
			isa = PBXGroup;
			children = (
				FC39BDB428F5EE42004779A8 /* MainItemTableViewCell.swift */,
				FC39BDB528F5EE42004779A8 /* MainItemTableViewCell.xib */,
			);
			path = MainDropDownTableCell;
			sourceTree = "<group>";
		};
		FC3A1C2F28E4C33100FA3056 /* Support */ = {
			isa = PBXGroup;
			children = (
				FC3A1C3028E4C34D00FA3056 /* SupportViewController.swift */,
				FC3A1C3128E4C34D00FA3056 /* SupportViewController.xib */,
			);
			path = Support;
			sourceTree = "<group>";
		};
		FC4423A028D8A00500803C9A /* PersonalTastes */ = {
			isa = PBXGroup;
			children = (
				FC11884628CA7FDC00D9972A /* PersonalTastesViewController.swift */,
				FC44239C28D89FC900803C9A /* PersonalTastesViewController.xib */,
			);
			path = PersonalTastes;
			sourceTree = "<group>";
		};
		FC4423A128D8A01E00803C9A /* NewCategories */ = {
			isa = PBXGroup;
			children = (
				FC44002828D4E44C00818FE8 /* NewCategorieViewController.swift */,
				FC44002928D4E44C00818FE8 /* NewCategorieViewController.xib */,
			);
			path = NewCategories;
			sourceTree = "<group>";
		};
		FC4423A228D8BC9A00803C9A /* Home */ = {
			isa = PBXGroup;
			children = (
				FC70D08528DCEC9A00B9B65A /* ArtNearCollectionCell */,
				FC70D08028DCE09700B9B65A /* CoCreationCollectionCell */,
				FC70D07B28DCBEE800B9B65A /* ArtistNearCollectionCell */,
				FC133E5228DA2A5A00216014 /* MarketCollectionCell */,
				FC4423A328D8BCAD00803C9A /* HomeViewController.swift */,
				FC4423A428D8BCAD00803C9A /* HomeViewController.xib */,
			);
			path = Home;
			sourceTree = "<group>";
		};
		FC4423A928D8E66200803C9A /* Market */ = {
			isa = PBXGroup;
			children = (
				FC9E719728EF55A0008165DC /* RecycleCollectionCell */,
				FC9E719228EF556D008165DC /* SubastaCollectionCell */,
				FC9E718D28EF54D3008165DC /* ArteCollectionCell */,
				FC4423AA28D8E67500803C9A /* MarketViewController.swift */,
				FC4423AB28D8E67500803C9A /* MarketViewController.xib */,
			);
			path = Market;
			sourceTree = "<group>";
		};
		FC4423AE28D8E67D00803C9A /* Messages */ = {
			isa = PBXGroup;
			children = (
				FC03123328F9B5BE00C254E0 /* ChatViewController */,
				FC72909B28EDE52C00F47E08 /* MessagesTableCell */,
				FC4423AF28D8E69C00803C9A /* MessaggesViewController.swift */,
				FC4423B028D8E69C00803C9A /* MessaggesViewController.xib */,
			);
			path = Messages;
			sourceTree = "<group>";
		};
		FC4423B328D8E6C000803C9A /* Profile */ = {
			isa = PBXGroup;
			children = (
				FC7290A528EE17D500F47E08 /* MarketCollectionCell */,
				FC7290A028EE12E900F47E08 /* PortfolioCollectionCell */,
				FC4423B428D8E6D700803C9A /* ProfileViewController.swift */,
				FC4423B528D8E6D700803C9A /* ProfileViewController.xib */,
			);
			path = Profile;
			sourceTree = "<group>";
		};
		FC4A74C328F70D11007F5970 /* CocreationItems */ = {
			isa = PBXGroup;
			children = (
				FC4A74CA28F7209C007F5970 /* CocreationRequest */,
				FC4A74C428F70D43007F5970 /* CocreationViewController.swift */,
				FC4A74C528F70D43007F5970 /* CocreationViewController.xib */,
			);
			path = CocreationItems;
			sourceTree = "<group>";
		};
		FC4A74CA28F7209C007F5970 /* CocreationRequest */ = {
			isa = PBXGroup;
			children = (
				FC4A74CB28F720C0007F5970 /* CocreationRequestViewController.swift */,
				FC4A74CC28F720C0007F5970 /* CocreationRequestViewController.xib */,
			);
			path = CocreationRequest;
			sourceTree = "<group>";
		};
		FC5313EE28CBC30100C7ACA6 /* animations */ = {
			isa = PBXGroup;
			children = (
				FC5313F728CBDC5700C7ACA6 /* animationButton.json */,
				FC8B39CB28CF98CD00A4750F /* animationButtonOff.json */,
			);
			path = animations;
			sourceTree = "<group>";
		};
		FC58B07528C91BCC00A66B78 /* controller */ = {
			isa = PBXGroup;
			children = (
				FC58B07628C91C1E00A66B78 /* StyleFunctions.swift */,
				FC75B37428ECAF5500E5AE74 /* DequeuableRegistrable.swift */,
			);
			path = controller;
			sourceTree = "<group>";
		};
		FC60702028C7D3F000424A33 = {
			isa = PBXGroup;
			children = (
				FC60702B28C7D3F000424A33 /* artppl */,
				FC60702A28C7D3F000424A33 /* Products */,
				2800E060E384F11ADC8F49C8 /* Pods */,
				FA56FC99DDFE97AE952A2167 /* Frameworks */,
			);
			sourceTree = "<group>";
		};
		FC60702A28C7D3F000424A33 /* Products */ = {
			isa = PBXGroup;
			children = (
				FC60702928C7D3F000424A33 /* artppl.app */,
			);
			name = Products;
			sourceTree = "<group>";
		};
		FC60702B28C7D3F000424A33 /* artppl */ = {
			isa = PBXGroup;
			children = (
				FCEE50C528D2373B00CF9B68 /* customComponents */,
				FC5313EE28CBC30100C7ACA6 /* animations */,
				FC60704528C7E87500424A33 /* fonts */,
				FC60704028C7E01300424A33 /* view */,
				FC58B07528C91BCC00A66B78 /* controller */,
				FC60702C28C7D3F000424A33 /* AppDelegate.swift */,
				FC60702E28C7D3F000424A33 /* SceneDelegate.swift */,
				FC60703028C7D3F000424A33 /* ViewController.swift */,
				FC60703228C7D3F000424A33 /* Main.storyboard */,
				FC60703728C7D3F400424A33 /* LaunchScreen.storyboard */,
				FC4423A728D8C36000803C9A /* Assets.xcassets */,
				FC60703A28C7D3F400424A33 /* Info.plist */,
			);
			path = artppl;
			sourceTree = "<group>";
		};
		FC60704028C7E01300424A33 /* view */ = {
			isa = PBXGroup;
			children = (
				FC226AD928DE137A00621699 /* AddNew */,
				FC12B83E28E6181400BF91D1 /* artisticWork */,
				FC39BDA228F5C68A004779A8 /* CarrouselItems */,
				FC4423A228D8BC9A00803C9A /* Home */,
				FC99304D28D89EA0003E8223 /* Login */,
				FC4423A928D8E66200803C9A /* Market */,
				FC4423AE28D8E67D00803C9A /* Messages */,
				FCE3A81528F734C400E412B5 /* MyCocreations */,
				FC03124328F9F87F00C254E0 /* MySells */,
				FC74B60528E7495E00FC073F /* MyShopping */,
				FC4423A128D8A01E00803C9A /* NewCategories */,
				FC99304C28D89E5E003E8223 /* OnBoarding */,
				FC4423A028D8A00500803C9A /* PersonalTastes */,
				FC4423B328D8E6C000803C9A /* Profile */,
				FC99304F28D89EBC003E8223 /* Profile selector */,
				FC99304E28D89EAF003E8223 /* Register */,
				FCC03FC228E37B930016CF57 /* SideMenu */,
				FC3A1C2F28E4C33100FA3056 /* Support */,
				FCA2D1D828E22C3700960950 /* TabBar */,
			);
			path = view;
			sourceTree = "<group>";
		};
		FC60704528C7E87500424A33 /* fonts */ = {
			isa = PBXGroup;
			children = (
				FC11884A28CA81C500D9972A /* Montserrat-Black.ttf */,
				FC58B07328C9037000A66B78 /* Montserrat-Bold.ttf */,
				FC58B06F28C8F96400A66B78 /* Montserrat-Medium.ttf */,
				FC58B07128C8FC4E00A66B78 /* Montserrat-Regular.ttf */,
				FC60704628C7E8BB00424A33 /* Roboto-Black.ttf */,
			);
			path = fonts;
			sourceTree = "<group>";
		};
		FC70D07B28DCBEE800B9B65A /* ArtistNearCollectionCell */ = {
			isa = PBXGroup;
			children = (
				FC70D07C28DCBF0C00B9B65A /* ArtistNearCollectionViewCell.swift */,
				FC70D07D28DCBF0C00B9B65A /* ArtistNearCollectionViewCell.xib */,
			);
			path = ArtistNearCollectionCell;
			sourceTree = "<group>";
		};
		FC70D08028DCE09700B9B65A /* CoCreationCollectionCell */ = {
			isa = PBXGroup;
			children = (
				FC70D08128DCE0B800B9B65A /* CoCreationCollectionViewCell.swift */,
				FC70D08228DCE0B800B9B65A /* CoCreationCollectionViewCell.xib */,
			);
			path = CoCreationCollectionCell;
			sourceTree = "<group>";
		};
		FC70D08528DCEC9A00B9B65A /* ArtNearCollectionCell */ = {
			isa = PBXGroup;
			children = (
				FC70D08628DCECB400B9B65A /* ArtNearCollectionViewCell.swift */,
				FC70D08728DCECB400B9B65A /* ArtNearCollectionViewCell.xib */,
			);
			path = ArtNearCollectionCell;
			sourceTree = "<group>";
		};
		FC72909B28EDE52C00F47E08 /* MessagesTableCell */ = {
			isa = PBXGroup;
			children = (
				FC72909C28EDE54700F47E08 /* MessageTableViewCell.swift */,
				FC72909D28EDE54700F47E08 /* MessageTableViewCell.xib */,
			);
			path = MessagesTableCell;
			sourceTree = "<group>";
		};
		FC7290A028EE12E900F47E08 /* PortfolioCollectionCell */ = {
			isa = PBXGroup;
			children = (
				FC7290A128EE130D00F47E08 /* PortfolioCollectionViewCell.swift */,
				FC7290A228EE130D00F47E08 /* PortfolioCollectionViewCell.xib */,
			);
			path = PortfolioCollectionCell;
			sourceTree = "<group>";
		};
		FC7290A528EE17D500F47E08 /* MarketCollectionCell */ = {
			isa = PBXGroup;
			children = (
				FC7290AA28EE181E00F47E08 /* MarketProfileCollectionViewCell.swift */,
				FC7290AB28EE181E00F47E08 /* MarketProfileCollectionViewCell.xib */,
			);
			path = MarketCollectionCell;
			sourceTree = "<group>";
		};
		FC74B60528E7495E00FC073F /* MyShopping */ = {
			isa = PBXGroup;
			children = (
				FC74B60A28E74CA600FC073F /* ShoppingItem */,
				FC74B60628E7497A00FC073F /* MyShoppingViewController.swift */,
				FC74B60728E7497A00FC073F /* MyShoppingViewController.xib */,
			);
			path = MyShopping;
			sourceTree = "<group>";
		};
		FC74B60A28E74CA600FC073F /* ShoppingItem */ = {
			isa = PBXGroup;
			children = (
				FC74B60B28E74CCE00FC073F /* ShoppingTableViewCell.swift */,
				FC74B60C28E74CCE00FC073F /* ShoppingTableViewCell.xib */,
			);
			path = ShoppingItem;
			sourceTree = "<group>";
		};
		FC75139928FB355A009ECB50 /* SellDetail */ = {
			isa = PBXGroup;
			children = (
				FC75139A28FB3577009ECB50 /* SellDetailViewController.swift */,
				FC75139B28FB3577009ECB50 /* SellDetailViewController.xib */,
			);
			path = SellDetail;
			sourceTree = "<group>";
		};
		FC99304C28D89E5E003E8223 /* OnBoarding */ = {
			isa = PBXGroup;
			children = (
				FC60704128C7E09200424A33 /* WelcomeSliderViewController.swift */,
				FC60704228C7E09200424A33 /* WelcomeSliderViewController.xib */,
			);
			path = OnBoarding;
			sourceTree = "<group>";
		};
		FC99304D28D89EA0003E8223 /* Login */ = {
			isa = PBXGroup;
			children = (
				FC58B06B28C8F5E100A66B78 /* LoginViewController.swift */,
				FC58B06C28C8F5E100A66B78 /* LoginViewController.xib */,
			);
			path = Login;
			sourceTree = "<group>";
		};
		FC99304E28D89EAF003E8223 /* Register */ = {
			isa = PBXGroup;
			children = (
				FC58B07828C91FF800A66B78 /* RegisterViewController.swift */,
				FC58B07928C91FF800A66B78 /* RegisterViewController.xib */,
			);
			path = Register;
			sourceTree = "<group>";
		};
		FC99304F28D89EBC003E8223 /* Profile selector */ = {
			isa = PBXGroup;
			children = (
				FC58B07C28C92F8C00A66B78 /* ProfileSelectorViewController.swift */,
				FC44239E28D89FF200803C9A /* ProfileSelectorViewController.xib */,
			);
			path = "Profile selector";
			sourceTree = "<group>";
		};
		FC9E718D28EF54D3008165DC /* ArteCollectionCell */ = {
			isa = PBXGroup;
			children = (
				FC9E718E28EF54F7008165DC /* ArteCollectionViewCell.swift */,
				FC9E718F28EF54F7008165DC /* ArteCollectionViewCell.xib */,
			);
			path = ArteCollectionCell;
			sourceTree = "<group>";
		};
		FC9E719228EF556D008165DC /* SubastaCollectionCell */ = {
			isa = PBXGroup;
			children = (
				FC9E719328EF5589008165DC /* SubastaCollectionViewCell.swift */,
				FC9E719428EF5589008165DC /* SubastaCollectionViewCell.xib */,
			);
			path = SubastaCollectionCell;
			sourceTree = "<group>";
		};
		FC9E719728EF55A0008165DC /* RecycleCollectionCell */ = {
			isa = PBXGroup;
			children = (
				FC9E719828EF55B4008165DC /* RecycleCollectionViewCell.swift */,
				FC9E719928EF55B4008165DC /* RecycleCollectionViewCell.xib */,
			);
			path = RecycleCollectionCell;
			sourceTree = "<group>";
		};
		FCA2D1D828E22C3700960950 /* TabBar */ = {
			isa = PBXGroup;
			children = (
				FCA2D1D928E22C4A00960950 /* MyTabViewController.swift */,
				FCA2D1DA28E22C4A00960950 /* MyTabViewController.xib */,
			);
			path = TabBar;
			sourceTree = "<group>";
		};
		FCC03FC228E37B930016CF57 /* SideMenu */ = {
			isa = PBXGroup;
			children = (
				FCC03FC328E37BB60016CF57 /* SideMenuViewController.swift */,
				FCC03FC428E37BB60016CF57 /* SideMenuViewController.xib */,
			);
			path = SideMenu;
			sourceTree = "<group>";
		};
		FCE3A81528F734C400E412B5 /* MyCocreations */ = {
			isa = PBXGroup;
			children = (
				FCE3A81F28F73B9800E412B5 /* MyOwnCocreation */,
				FCE3A81A28F7356800E412B5 /* MyCocreationsCells */,
				FCE3A81628F734E800E412B5 /* MyCocreationsViewController.swift */,
				FCE3A81728F734E800E412B5 /* MyCocreationsViewController.xib */,
			);
			path = MyCocreations;
			sourceTree = "<group>";
		};
		FCE3A81A28F7356800E412B5 /* MyCocreationsCells */ = {
			isa = PBXGroup;
			children = (
				FCE3A81B28F7358B00E412B5 /* MyCocreationsTableViewCell.swift */,
				FCE3A81C28F7358B00E412B5 /* MyCocreationsTableViewCell.xib */,
			);
			path = MyCocreationsCells;
			sourceTree = "<group>";
		};
		FCE3A81F28F73B9800E412B5 /* MyOwnCocreation */ = {
			isa = PBXGroup;
			children = (
				FCE3A82028F73BB800E412B5 /* MyOwnCocreationViewController.swift */,
				FCE3A82128F73BB800E412B5 /* MyOwnCocreationViewController.xib */,
				FCE3A82428F7451300E412B5 /* ActivitiesTableCells */,
				FCF989B828F87668003CD299 /* GalleryCollectionCells */,
				FCF989BD28F8836C003CD299 /* Paricipantes */,
				FCF989D228F88C39003CD299 /* Requests */,
			);
			path = MyOwnCocreation;
			sourceTree = "<group>";
		};
		FCE3A82428F7451300E412B5 /* ActivitiesTableCells */ = {
			isa = PBXGroup;
			children = (
				FCF989AF28F861AE003CD299 /* CommentsCells */,
				FCE3A82528F7453B00E412B5 /* ActivitiesTableViewCell.swift */,
				FCE3A82628F7453B00E412B5 /* ActivitiesTableViewCell.xib */,
			);
			path = ActivitiesTableCells;
			sourceTree = "<group>";
		};
		FCEE50C528D2373B00CF9B68 /* customComponents */ = {
			isa = PBXGroup;
			children = (
				FCEE50CA28D2434300CF9B68 /* CustomViewAnimation.swift */,
				FCEE50CC28D25CA400CF9B68 /* CustomButtonBorder.swift */,
				FCEE50CE28D25F0700CF9B68 /* CustomViewGradient.swift */,
				FC02361428D37CBD00D75E27 /* CustomButtonGradient.swift */,
				FC44002628D4CA7600818FE8 /* GradientAnimationButton.swift */,
				FCDC7EF628E20CB000F461DD /* CustomGradientWhiteTransp.swift */,
				FCA2D1D328E21C9500960950 /* CustomPopUpButton.swift */,
				FC39BDA828F5CCCF004779A8 /* CustomFilledButton.swift */,
				FC4A74C828F71A21007F5970 /* CustomButtonBorderNegative.swift */,
			);
			path = customComponents;
			sourceTree = "<group>";
		};
		FCF989AF28F861AE003CD299 /* CommentsCells */ = {
			isa = PBXGroup;
			children = (
				FCF989B028F861CB003CD299 /* CommentsTableViewCell.swift */,
				FCF989B128F861CB003CD299 /* CommentsTableViewCell.xib */,
				FCF989B428F861F4003CD299 /* ToggleCommentsTableViewCell.swift */,
				FCF989B528F861F4003CD299 /* ToggleCommentsTableViewCell.xib */,
			);
			path = CommentsCells;
			sourceTree = "<group>";
		};
		FCF989B828F87668003CD299 /* GalleryCollectionCells */ = {
			isa = PBXGroup;
			children = (
				FCF989B928F87698003CD299 /* CocreationGalleryCollectionViewCell.swift */,
				FCF989BA28F87698003CD299 /* CocreationGalleryCollectionViewCell.xib */,
			);
			path = GalleryCollectionCells;
			sourceTree = "<group>";
		};
		FCF989BD28F8836C003CD299 /* Paricipantes */ = {
			isa = PBXGroup;
			children = (
				FCF989C728F88648003CD299 /* ParticipantsCell */,
				FCF989BF28F883E2003CD299 /* ParticipantsViewController.swift */,
				FCF989C028F883E2003CD299 /* ParticipantsViewController.xib */,
			);
			path = Paricipantes;
			sourceTree = "<group>";
		};
		FCF989C728F88648003CD299 /* ParticipantsCell */ = {
			isa = PBXGroup;
			children = (
				FCF989C828F8866A003CD299 /* ParticipantsTableViewCell.swift */,
				FCF989C928F8866A003CD299 /* ParticipantsTableViewCell.xib */,
			);
			path = ParticipantsCell;
			sourceTree = "<group>";
		};
		FCF989D228F88C39003CD299 /* Requests */ = {
			isa = PBXGroup;
			children = (
				FCF989D328F88C41003CD299 /* RequestsCell */,
				FCF989D928F88CA4003CD299 /* RequestsViewController.swift */,
				FCF989DA28F88CA4003CD299 /* RequestsViewController.xib */,
			);
			path = Requests;
			sourceTree = "<group>";
		};
		FCF989D328F88C41003CD299 /* RequestsCell */ = {
			isa = PBXGroup;
			children = (
				FC06770E28F897BD0058144A /* RequestsTableViewCell.swift */,
				FC06770F28F897BD0058144A /* RequestsTableViewCell.xib */,
			);
			path = RequestsCell;
			sourceTree = "<group>";
		};
/* End PBXGroup section */

/* Begin PBXNativeTarget section */
		FC60702828C7D3F000424A33 /* artppl */ = {
			isa = PBXNativeTarget;
			buildConfigurationList = FC60703D28C7D3F400424A33 /* Build configuration list for PBXNativeTarget "artppl" */;
			buildPhases = (
				FFC79399A3CE9A062E4DC03E /* [CP] Check Pods Manifest.lock */,
				FC60702528C7D3F000424A33 /* Sources */,
				FC60702628C7D3F000424A33 /* Frameworks */,
				FC60702728C7D3F000424A33 /* Resources */,
				93C6C925018BDCF7EF588CFA /* [CP] Embed Pods Frameworks */,
			);
			buildRules = (
			);
			dependencies = (
			);
			name = artppl;
			productName = artppl;
			productReference = FC60702928C7D3F000424A33 /* artppl.app */;
			productType = "com.apple.product-type.application";
		};
/* End PBXNativeTarget section */

/* Begin PBXProject section */
		FC60702128C7D3F000424A33 /* Project object */ = {
			isa = PBXProject;
			attributes = {
				BuildIndependentTargetsInParallel = 1;
				LastSwiftUpdateCheck = 1340;
				LastUpgradeCheck = 1340;
				TargetAttributes = {
					FC60702828C7D3F000424A33 = {
						CreatedOnToolsVersion = 13.4.1;
					};
				};
			};
			buildConfigurationList = FC60702428C7D3F000424A33 /* Build configuration list for PBXProject "artppl" */;
			compatibilityVersion = "Xcode 13.0";
			developmentRegion = en;
			hasScannedForEncodings = 0;
			knownRegions = (
				en,
				Base,
			);
			mainGroup = FC60702028C7D3F000424A33;
			productRefGroup = FC60702A28C7D3F000424A33 /* Products */;
			projectDirPath = "";
			projectRoot = "";
			targets = (
				FC60702828C7D3F000424A33 /* artppl */,
			);
		};
/* End PBXProject section */

/* Begin PBXResourcesBuildPhase section */
		FC60702728C7D3F000424A33 /* Resources */ = {
			isa = PBXResourcesBuildPhase;
			buildActionMask = 2147483647;
			files = (
				FC03123E28F9E86300C254E0 /* ReceiverTableViewCell.xib in Resources */,
				FC4423B728D8E6D700803C9A /* ProfileViewController.xib in Resources */,
				FC03124728F9F8B200C254E0 /* MySellsViewController.xib in Resources */,
				FCE3A81928F734E800E412B5 /* MyCocreationsViewController.xib in Resources */,
				FC03123728F9B5F000C254E0 /* ChatViewController.xib in Resources */,
				FC03124C28F9F94900C254E0 /* SellTableViewCell.xib in Resources */,
				FCF989DC28F88CA4003CD299 /* RequestsViewController.xib in Resources */,
				FC12B84228E6183200BF91D1 /* ArtisticWorkViewController.xib in Resources */,
				FC44002B28D4E44C00818FE8 /* NewCategorieViewController.xib in Resources */,
				FC39BDA728F5C6CF004779A8 /* MarketItemViewController.xib in Resources */,
				FCF989B328F861CB003CD299 /* CommentsTableViewCell.xib in Resources */,
				FC58B07228C8FC4E00A66B78 /* Montserrat-Regular.ttf in Resources */,
				FC9E719628EF5589008165DC /* SubastaCollectionViewCell.xib in Resources */,
				FC9E719128EF54F7008165DC /* ArteCollectionViewCell.xib in Resources */,
				FC06771128F897BD0058144A /* RequestsTableViewCell.xib in Resources */,
				FC4A74CE28F720C0007F5970 /* CocreationRequestViewController.xib in Resources */,
				FC58B07B28C91FF800A66B78 /* RegisterViewController.xib in Resources */,
				FC4423AD28D8E67500803C9A /* MarketViewController.xib in Resources */,
				FC70D07F28DCBF0C00B9B65A /* ArtistNearCollectionViewCell.xib in Resources */,
				FC44239D28D89FC900803C9A /* PersonalTastesViewController.xib in Resources */,
				FC58B06E28C8F5E100A66B78 /* LoginViewController.xib in Resources */,
				FCE3A82828F7453B00E412B5 /* ActivitiesTableViewCell.xib in Resources */,
				FCC03FC628E37BB60016CF57 /* SideMenuViewController.xib in Resources */,
				FC5313F828CBDC5700C7ACA6 /* animationButton.json in Resources */,
				FC9E719B28EF55B4008165DC /* RecycleCollectionViewCell.xib in Resources */,
				FC60704428C7E09200424A33 /* WelcomeSliderViewController.xib in Resources */,
				FCF989C228F883E2003CD299 /* ParticipantsViewController.xib in Resources */,
				FC8B39CC28CF98CD00A4750F /* animationButtonOff.json in Resources */,
				FC39BDB728F5EE42004779A8 /* MainItemTableViewCell.xib in Resources */,
				FC44239F28D89FF200803C9A /* ProfileSelectorViewController.xib in Resources */,
				FC226ADD28DE139800621699 /* AddNewViewController.xib in Resources */,
				FC11884B28CA81C600D9972A /* Montserrat-Black.ttf in Resources */,
				FCA2D1DC28E22C4A00960950 /* MyTabViewController.xib in Resources */,
				FC72909F28EDE54700F47E08 /* MessageTableViewCell.xib in Resources */,
				FCE3A82328F73BB800E412B5 /* MyOwnCocreationViewController.xib in Resources */,
				FC60703928C7D3F400424A33 /* LaunchScreen.storyboard in Resources */,
				FC74B60928E7497A00FC073F /* MyShoppingViewController.xib in Resources */,
				FC39BDB228F5E8C3004779A8 /* SpecItemTableViewCell.xib in Resources */,
				FC133E5628DA2B5000216014 /* MarketCollectionViewCell.xib in Resources */,
				FC58B07028C8F96400A66B78 /* Montserrat-Medium.ttf in Resources */,
				FC4A74C728F70D43007F5970 /* CocreationViewController.xib in Resources */,
				FC4423B228D8E69C00803C9A /* MessaggesViewController.xib in Resources */,
				FC60704728C7E8BB00424A33 /* Roboto-Black.ttf in Resources */,
				FC60703428C7D3F000424A33 /* Main.storyboard in Resources */,
				FCE3A81E28F7358B00E412B5 /* MyCocreationsTableViewCell.xib in Resources */,
				FC4423A828D8C36000803C9A /* Assets.xcassets in Resources */,
				FC7290AD28EE181E00F47E08 /* MarketProfileCollectionViewCell.xib in Resources */,
				FC7290A428EE130D00F47E08 /* PortfolioCollectionViewCell.xib in Resources */,
				FC4423A628D8BCAD00803C9A /* HomeViewController.xib in Resources */,
				FC70D08428DCE0B800B9B65A /* CoCreationCollectionViewCell.xib in Resources */,
				FCF989B728F861F4003CD299 /* ToggleCommentsTableViewCell.xib in Resources */,
				FC75139D28FB3577009ECB50 /* SellDetailViewController.xib in Resources */,
				FC74B60E28E74CCE00FC073F /* ShoppingTableViewCell.xib in Resources */,
				FCF989CB28F8866B003CD299 /* ParticipantsTableViewCell.xib in Resources */,
				FC70D08928DCECB400B9B65A /* ArtNearCollectionViewCell.xib in Resources */,
				FC03124228F9E88D00C254E0 /* SenderTableViewCell.xib in Resources */,
				FC3A1C3328E4C34D00FA3056 /* SupportViewController.xib in Resources */,
				FC133E5128DA06D300216014 /* Montserrat-Bold.ttf in Resources */,
				FCF989BC28F87698003CD299 /* CocreationGalleryCollectionViewCell.xib in Resources */,
			);
			runOnlyForDeploymentPostprocessing = 0;
		};
/* End PBXResourcesBuildPhase section */

/* Begin PBXShellScriptBuildPhase section */
		93C6C925018BDCF7EF588CFA /* [CP] Embed Pods Frameworks */ = {
			isa = PBXShellScriptBuildPhase;
			buildActionMask = 2147483647;
			files = (
			);
			inputFileListPaths = (
				"${PODS_ROOT}/Target Support Files/Pods-artppl/Pods-artppl-frameworks-${CONFIGURATION}-input-files.xcfilelist",
			);
			name = "[CP] Embed Pods Frameworks";
			outputFileListPaths = (
				"${PODS_ROOT}/Target Support Files/Pods-artppl/Pods-artppl-frameworks-${CONFIGURATION}-output-files.xcfilelist",
			);
			runOnlyForDeploymentPostprocessing = 0;
			shellPath = /bin/sh;
			shellScript = "\"${PODS_ROOT}/Target Support Files/Pods-artppl/Pods-artppl-frameworks.sh\"\n";
			showEnvVarsInLog = 0;
		};
		FFC79399A3CE9A062E4DC03E /* [CP] Check Pods Manifest.lock */ = {
			isa = PBXShellScriptBuildPhase;
			buildActionMask = 2147483647;
			files = (
			);
			inputFileListPaths = (
			);
			inputPaths = (
				"${PODS_PODFILE_DIR_PATH}/Podfile.lock",
				"${PODS_ROOT}/Manifest.lock",
			);
			name = "[CP] Check Pods Manifest.lock";
			outputFileListPaths = (
			);
			outputPaths = (
				"$(DERIVED_FILE_DIR)/Pods-artppl-checkManifestLockResult.txt",
			);
			runOnlyForDeploymentPostprocessing = 0;
			shellPath = /bin/sh;
			shellScript = "diff \"${PODS_PODFILE_DIR_PATH}/Podfile.lock\" \"${PODS_ROOT}/Manifest.lock\" > /dev/null\nif [ $? != 0 ] ; then\n    # print error to STDERR\n    echo \"error: The sandbox is not in sync with the Podfile.lock. Run 'pod install' or update your CocoaPods installation.\" >&2\n    exit 1\nfi\n# This output is used by Xcode 'outputs' to avoid re-running this script phase.\necho \"SUCCESS\" > \"${SCRIPT_OUTPUT_FILE_0}\"\n";
			showEnvVarsInLog = 0;
		};
/* End PBXShellScriptBuildPhase section */

/* Begin PBXSourcesBuildPhase section */
		FC60702528C7D3F000424A33 /* Sources */ = {
			isa = PBXSourcesBuildPhase;
			buildActionMask = 2147483647;
			files = (
				FC133E5528DA2B5000216014 /* MarketCollectionViewCell.swift in Sources */,
				FCF989B628F861F4003CD299 /* ToggleCommentsTableViewCell.swift in Sources */,
				FC74B60D28E74CCE00FC073F /* ShoppingTableViewCell.swift in Sources */,
				FC9E719528EF5589008165DC /* SubastaCollectionViewCell.swift in Sources */,
				FC4423B128D8E69C00803C9A /* MessaggesViewController.swift in Sources */,
				FC72909E28EDE54700F47E08 /* MessageTableViewCell.swift in Sources */,
				FC7290AC28EE181E00F47E08 /* MarketProfileCollectionViewCell.swift in Sources */,
				FC60704328C7E09200424A33 /* WelcomeSliderViewController.swift in Sources */,
				FC58B07E28C92F8C00A66B78 /* ProfileSelectorViewController.swift in Sources */,
				FCC03FC528E37BB60016CF57 /* SideMenuViewController.swift in Sources */,
				FC9E719028EF54F7008165DC /* ArteCollectionViewCell.swift in Sources */,
				FCF989B228F861CB003CD299 /* CommentsTableViewCell.swift in Sources */,
				FC60703128C7D3F000424A33 /* ViewController.swift in Sources */,
				FC226ADC28DE139800621699 /* AddNewViewController.swift in Sources */,
				FCF989C128F883E2003CD299 /* ParticipantsViewController.swift in Sources */,
				FCE3A81D28F7358B00E412B5 /* MyCocreationsTableViewCell.swift in Sources */,
				FC3A1C3228E4C34D00FA3056 /* SupportViewController.swift in Sources */,
				FC4423AC28D8E67500803C9A /* MarketViewController.swift in Sources */,
				FC4A74C928F71A21007F5970 /* CustomButtonBorderNegative.swift in Sources */,
				FCEE50CF28D25F0800CF9B68 /* CustomViewGradient.swift in Sources */,
				FC02361528D37CBD00D75E27 /* CustomButtonGradient.swift in Sources */,
				FC58B06D28C8F5E100A66B78 /* LoginViewController.swift in Sources */,
				FC12B84128E6183200BF91D1 /* ArtisticWorkViewController.swift in Sources */,
				FCF989CA28F8866A003CD299 /* ParticipantsTableViewCell.swift in Sources */,
				FC03124628F9F8B200C254E0 /* MySellsViewController.swift in Sources */,
				FCF989BB28F87698003CD299 /* CocreationGalleryCollectionViewCell.swift in Sources */,
				FC03123D28F9E86300C254E0 /* ReceiverTableViewCell.swift in Sources */,
				FC75139C28FB3577009ECB50 /* SellDetailViewController.swift in Sources */,
				FC03124B28F9F94900C254E0 /* SellTableViewCell.swift in Sources */,
				FC70D07E28DCBF0C00B9B65A /* ArtistNearCollectionViewCell.swift in Sources */,
				FC39BDA928F5CCCF004779A8 /* CustomFilledButton.swift in Sources */,
				FC39BDA628F5C6CF004779A8 /* MarketItemViewController.swift in Sources */,
				FC58B07728C91C1E00A66B78 /* StyleFunctions.swift in Sources */,
				FC4423B628D8E6D700803C9A /* ProfileViewController.swift in Sources */,
				FC60702D28C7D3F000424A33 /* AppDelegate.swift in Sources */,
				FC44002728D4CA7600818FE8 /* GradientAnimationButton.swift in Sources */,
				FCDC7EF728E20CB000F461DD /* CustomGradientWhiteTransp.swift in Sources */,
				FC74B60828E7497A00FC073F /* MyShoppingViewController.swift in Sources */,
				FC44002A28D4E44C00818FE8 /* NewCategorieViewController.swift in Sources */,
				FCE3A81828F734E800E412B5 /* MyCocreationsViewController.swift in Sources */,
				FC58B07A28C91FF800A66B78 /* RegisterViewController.swift in Sources */,
				FC06771028F897BD0058144A /* RequestsTableViewCell.swift in Sources */,
				FCE3A82228F73BB800E412B5 /* MyOwnCocreationViewController.swift in Sources */,
				FC7290A328EE130D00F47E08 /* PortfolioCollectionViewCell.swift in Sources */,
				FC75B37528ECAF5500E5AE74 /* DequeuableRegistrable.swift in Sources */,
				FC4423A528D8BCAD00803C9A /* HomeViewController.swift in Sources */,
				FC9E719A28EF55B4008165DC /* RecycleCollectionViewCell.swift in Sources */,
				FCF989DB28F88CA4003CD299 /* RequestsViewController.swift in Sources */,
				FCA2D1DB28E22C4A00960950 /* MyTabViewController.swift in Sources */,
				FCEE50CD28D25CA400CF9B68 /* CustomButtonBorder.swift in Sources */,
				FC39BDB128F5E8C3004779A8 /* SpecItemTableViewCell.swift in Sources */,
				FC03124128F9E88D00C254E0 /* SenderTableViewCell.swift in Sources */,
				FC60702F28C7D3F000424A33 /* SceneDelegate.swift in Sources */,
				FC39BDB628F5EE42004779A8 /* MainItemTableViewCell.swift in Sources */,
				FCE3A82728F7453B00E412B5 /* ActivitiesTableViewCell.swift in Sources */,
				FC70D08828DCECB400B9B65A /* ArtNearCollectionViewCell.swift in Sources */,
				FC70D08328DCE0B800B9B65A /* CoCreationCollectionViewCell.swift in Sources */,
				FCA2D1D428E21C9500960950 /* CustomPopUpButton.swift in Sources */,
				FCEE50CB28D2434300CF9B68 /* CustomViewAnimation.swift in Sources */,
				FC11884828CA7FDC00D9972A /* PersonalTastesViewController.swift in Sources */,
				FC4A74C628F70D43007F5970 /* CocreationViewController.swift in Sources */,
				FC03123628F9B5F000C254E0 /* ChatViewController.swift in Sources */,
				FC4A74CD28F720C0007F5970 /* CocreationRequestViewController.swift in Sources */,
			);
			runOnlyForDeploymentPostprocessing = 0;
		};
/* End PBXSourcesBuildPhase section */

/* Begin PBXVariantGroup section */
		FC60703228C7D3F000424A33 /* Main.storyboard */ = {
			isa = PBXVariantGroup;
			children = (
				FC60703328C7D3F000424A33 /* Base */,
			);
			name = Main.storyboard;
			sourceTree = "<group>";
		};
		FC60703728C7D3F400424A33 /* LaunchScreen.storyboard */ = {
			isa = PBXVariantGroup;
			children = (
				FC60703828C7D3F400424A33 /* Base */,
			);
			name = LaunchScreen.storyboard;
			sourceTree = "<group>";
		};
/* End PBXVariantGroup section */

/* Begin XCBuildConfiguration section */
		FC60703B28C7D3F400424A33 /* Debug */ = {
			isa = XCBuildConfiguration;
			buildSettings = {
				ALWAYS_SEARCH_USER_PATHS = NO;
				CLANG_ANALYZER_NONNULL = YES;
				CLANG_ANALYZER_NUMBER_OBJECT_CONVERSION = YES_AGGRESSIVE;
				CLANG_CXX_LANGUAGE_STANDARD = "gnu++17";
				CLANG_ENABLE_MODULES = YES;
				CLANG_ENABLE_OBJC_ARC = YES;
				CLANG_ENABLE_OBJC_WEAK = YES;
				CLANG_WARN_BLOCK_CAPTURE_AUTORELEASING = YES;
				CLANG_WARN_BOOL_CONVERSION = YES;
				CLANG_WARN_COMMA = YES;
				CLANG_WARN_CONSTANT_CONVERSION = YES;
				CLANG_WARN_DEPRECATED_OBJC_IMPLEMENTATIONS = YES;
				CLANG_WARN_DIRECT_OBJC_ISA_USAGE = YES_ERROR;
				CLANG_WARN_DOCUMENTATION_COMMENTS = YES;
				CLANG_WARN_EMPTY_BODY = YES;
				CLANG_WARN_ENUM_CONVERSION = YES;
				CLANG_WARN_INFINITE_RECURSION = YES;
				CLANG_WARN_INT_CONVERSION = YES;
				CLANG_WARN_NON_LITERAL_NULL_CONVERSION = YES;
				CLANG_WARN_OBJC_IMPLICIT_RETAIN_SELF = YES;
				CLANG_WARN_OBJC_LITERAL_CONVERSION = YES;
				CLANG_WARN_OBJC_ROOT_CLASS = YES_ERROR;
				CLANG_WARN_QUOTED_INCLUDE_IN_FRAMEWORK_HEADER = YES;
				CLANG_WARN_RANGE_LOOP_ANALYSIS = YES;
				CLANG_WARN_STRICT_PROTOTYPES = YES;
				CLANG_WARN_SUSPICIOUS_MOVE = YES;
				CLANG_WARN_UNGUARDED_AVAILABILITY = YES_AGGRESSIVE;
				CLANG_WARN_UNREACHABLE_CODE = YES;
				CLANG_WARN__DUPLICATE_METHOD_MATCH = YES;
				COPY_PHASE_STRIP = NO;
				DEBUG_INFORMATION_FORMAT = dwarf;
				ENABLE_STRICT_OBJC_MSGSEND = YES;
				ENABLE_TESTABILITY = YES;
				GCC_C_LANGUAGE_STANDARD = gnu11;
				GCC_DYNAMIC_NO_PIC = NO;
				GCC_NO_COMMON_BLOCKS = YES;
				GCC_OPTIMIZATION_LEVEL = 0;
				GCC_PREPROCESSOR_DEFINITIONS = (
					"DEBUG=1",
					"$(inherited)",
				);
				GCC_WARN_64_TO_32_BIT_CONVERSION = YES;
				GCC_WARN_ABOUT_RETURN_TYPE = YES_ERROR;
				GCC_WARN_UNDECLARED_SELECTOR = YES;
				GCC_WARN_UNINITIALIZED_AUTOS = YES_AGGRESSIVE;
				GCC_WARN_UNUSED_FUNCTION = YES;
				GCC_WARN_UNUSED_VARIABLE = YES;
				IPHONEOS_DEPLOYMENT_TARGET = 15.5;
				MTL_ENABLE_DEBUG_INFO = INCLUDE_SOURCE;
				MTL_FAST_MATH = YES;
				ONLY_ACTIVE_ARCH = YES;
				SDKROOT = iphoneos;
				SWIFT_ACTIVE_COMPILATION_CONDITIONS = DEBUG;
				SWIFT_OPTIMIZATION_LEVEL = "-Onone";
			};
			name = Debug;
		};
		FC60703C28C7D3F400424A33 /* Release */ = {
			isa = XCBuildConfiguration;
			buildSettings = {
				ALWAYS_SEARCH_USER_PATHS = NO;
				CLANG_ANALYZER_NONNULL = YES;
				CLANG_ANALYZER_NUMBER_OBJECT_CONVERSION = YES_AGGRESSIVE;
				CLANG_CXX_LANGUAGE_STANDARD = "gnu++17";
				CLANG_ENABLE_MODULES = YES;
				CLANG_ENABLE_OBJC_ARC = YES;
				CLANG_ENABLE_OBJC_WEAK = YES;
				CLANG_WARN_BLOCK_CAPTURE_AUTORELEASING = YES;
				CLANG_WARN_BOOL_CONVERSION = YES;
				CLANG_WARN_COMMA = YES;
				CLANG_WARN_CONSTANT_CONVERSION = YES;
				CLANG_WARN_DEPRECATED_OBJC_IMPLEMENTATIONS = YES;
				CLANG_WARN_DIRECT_OBJC_ISA_USAGE = YES_ERROR;
				CLANG_WARN_DOCUMENTATION_COMMENTS = YES;
				CLANG_WARN_EMPTY_BODY = YES;
				CLANG_WARN_ENUM_CONVERSION = YES;
				CLANG_WARN_INFINITE_RECURSION = YES;
				CLANG_WARN_INT_CONVERSION = YES;
				CLANG_WARN_NON_LITERAL_NULL_CONVERSION = YES;
				CLANG_WARN_OBJC_IMPLICIT_RETAIN_SELF = YES;
				CLANG_WARN_OBJC_LITERAL_CONVERSION = YES;
				CLANG_WARN_OBJC_ROOT_CLASS = YES_ERROR;
				CLANG_WARN_QUOTED_INCLUDE_IN_FRAMEWORK_HEADER = YES;
				CLANG_WARN_RANGE_LOOP_ANALYSIS = YES;
				CLANG_WARN_STRICT_PROTOTYPES = YES;
				CLANG_WARN_SUSPICIOUS_MOVE = YES;
				CLANG_WARN_UNGUARDED_AVAILABILITY = YES_AGGRESSIVE;
				CLANG_WARN_UNREACHABLE_CODE = YES;
				CLANG_WARN__DUPLICATE_METHOD_MATCH = YES;
				COPY_PHASE_STRIP = NO;
				DEBUG_INFORMATION_FORMAT = "dwarf-with-dsym";
				ENABLE_NS_ASSERTIONS = NO;
				ENABLE_STRICT_OBJC_MSGSEND = YES;
				GCC_C_LANGUAGE_STANDARD = gnu11;
				GCC_NO_COMMON_BLOCKS = YES;
				GCC_WARN_64_TO_32_BIT_CONVERSION = YES;
				GCC_WARN_ABOUT_RETURN_TYPE = YES_ERROR;
				GCC_WARN_UNDECLARED_SELECTOR = YES;
				GCC_WARN_UNINITIALIZED_AUTOS = YES_AGGRESSIVE;
				GCC_WARN_UNUSED_FUNCTION = YES;
				GCC_WARN_UNUSED_VARIABLE = YES;
				IPHONEOS_DEPLOYMENT_TARGET = 15.5;
				MTL_ENABLE_DEBUG_INFO = NO;
				MTL_FAST_MATH = YES;
				SDKROOT = iphoneos;
				SWIFT_COMPILATION_MODE = wholemodule;
				SWIFT_OPTIMIZATION_LEVEL = "-O";
				VALIDATE_PRODUCT = YES;
			};
			name = Release;
		};
		FC60703E28C7D3F400424A33 /* Debug */ = {
			isa = XCBuildConfiguration;
			baseConfigurationReference = 3E1457A6C6709C3277742006 /* Pods-artppl.debug.xcconfig */;
			buildSettings = {
				ASSETCATALOG_COMPILER_APPICON_NAME = AppIcon;
				ASSETCATALOG_COMPILER_GLOBAL_ACCENT_COLOR_NAME = AccentColor;
				CODE_SIGN_STYLE = Automatic;
				CURRENT_PROJECT_VERSION = 4;
				DEVELOPMENT_TEAM = EUARY92ECY;
				GENERATE_INFOPLIST_FILE = YES;
				INFOPLIST_FILE = artppl/Info.plist;
				INFOPLIST_KEY_CFBundleDisplayName = artppl;
				INFOPLIST_KEY_LSApplicationCategoryType = "public.app-category.social-networking";
				INFOPLIST_KEY_UIApplicationSupportsIndirectInputEvents = YES;
				INFOPLIST_KEY_UILaunchStoryboardName = LaunchScreen;
				INFOPLIST_KEY_UIMainStoryboardFile = Main;
				INFOPLIST_KEY_UIStatusBarHidden = NO;
				INFOPLIST_KEY_UISupportedInterfaceOrientations_iPad = "UIInterfaceOrientationPortrait UIInterfaceOrientationPortraitUpsideDown UIInterfaceOrientationLandscapeLeft UIInterfaceOrientationLandscapeRight";
				INFOPLIST_KEY_UISupportedInterfaceOrientations_iPhone = "UIInterfaceOrientationPortrait UIInterfaceOrientationLandscapeLeft UIInterfaceOrientationLandscapeRight";
				LD_RUNPATH_SEARCH_PATHS = (
					"$(inherited)",
					"@executable_path/Frameworks",
				);
				MARKETING_VERSION = 1.0;
				PRODUCT_BUNDLE_IDENTIFIER = com.infinixapp.dev;
				PRODUCT_NAME = "$(TARGET_NAME)";
				SWIFT_EMIT_LOC_STRINGS = YES;
				SWIFT_VERSION = 5.0;
				TARGETED_DEVICE_FAMILY = "1,2";
			};
			name = Debug;
		};
		FC60703F28C7D3F400424A33 /* Release */ = {
			isa = XCBuildConfiguration;
			baseConfigurationReference = A78B62642C57E15A5F63DA57 /* Pods-artppl.release.xcconfig */;
			buildSettings = {
				ASSETCATALOG_COMPILER_APPICON_NAME = AppIcon;
				ASSETCATALOG_COMPILER_GLOBAL_ACCENT_COLOR_NAME = AccentColor;
				CODE_SIGN_STYLE = Automatic;
				CURRENT_PROJECT_VERSION = 4;
				DEVELOPMENT_TEAM = EUARY92ECY;
				GENERATE_INFOPLIST_FILE = YES;
				INFOPLIST_FILE = artppl/Info.plist;
				INFOPLIST_KEY_CFBundleDisplayName = artppl;
				INFOPLIST_KEY_LSApplicationCategoryType = "public.app-category.social-networking";
				INFOPLIST_KEY_UIApplicationSupportsIndirectInputEvents = YES;
				INFOPLIST_KEY_UILaunchStoryboardName = LaunchScreen;
				INFOPLIST_KEY_UIMainStoryboardFile = Main;
				INFOPLIST_KEY_UIStatusBarHidden = NO;
				INFOPLIST_KEY_UISupportedInterfaceOrientations_iPad = "UIInterfaceOrientationPortrait UIInterfaceOrientationPortraitUpsideDown UIInterfaceOrientationLandscapeLeft UIInterfaceOrientationLandscapeRight";
				INFOPLIST_KEY_UISupportedInterfaceOrientations_iPhone = "UIInterfaceOrientationPortrait UIInterfaceOrientationLandscapeLeft UIInterfaceOrientationLandscapeRight";
				LD_RUNPATH_SEARCH_PATHS = (
					"$(inherited)",
					"@executable_path/Frameworks",
				);
				MARKETING_VERSION = 1.0;
				PRODUCT_BUNDLE_IDENTIFIER = com.infinixapp.dev;
				PRODUCT_NAME = "$(TARGET_NAME)";
				SWIFT_EMIT_LOC_STRINGS = YES;
				SWIFT_VERSION = 5.0;
				TARGETED_DEVICE_FAMILY = "1,2";
			};
			name = Release;
		};
/* End XCBuildConfiguration section */

/* Begin XCConfigurationList section */
		FC60702428C7D3F000424A33 /* Build configuration list for PBXProject "artppl" */ = {
			isa = XCConfigurationList;
			buildConfigurations = (
				FC60703B28C7D3F400424A33 /* Debug */,
				FC60703C28C7D3F400424A33 /* Release */,
			);
			defaultConfigurationIsVisible = 0;
			defaultConfigurationName = Release;
		};
		FC60703D28C7D3F400424A33 /* Build configuration list for PBXNativeTarget "artppl" */ = {
			isa = XCConfigurationList;
			buildConfigurations = (
				FC60703E28C7D3F400424A33 /* Debug */,
				FC60703F28C7D3F400424A33 /* Release */,
			);
			defaultConfigurationIsVisible = 0;
			defaultConfigurationName = Release;
		};
/* End XCConfigurationList section */
	};
	rootObject = FC60702128C7D3F000424A33 /* Project object */;
}
